{
    "version": 3,
    "terraform_version": "0.11.8",
    "serial": 3,
    "lineage": "f7a562c2-e7ca-f620-7964-403e5b29419c",
    "modules": [
        {
            "path": [
                "root"
            ],
            "outputs": {},
            "resources": {
                "aws_dynamodb_table.questo_table": {
                    "type": "aws_dynamodb_table",
                    "depends_on": [],
                    "primary": {
                        "id": "Questo",
                        "attributes": {
                            "arn": "arn:aws:dynamodb:eu-west-2:970391478493:table/Questo",
                            "attribute.#": "2",
                            "attribute.1371584809.name": "ID",
                            "attribute.1371584809.type": "S",
                            "attribute.3588486595.name": "type",
                            "attribute.3588486595.type": "S",
                            "billing_mode": "PROVISIONED",
                            "global_secondary_index.#": "0",
                            "hash_key": "ID",
                            "id": "Questo",
                            "local_secondary_index.#": "0",
                            "name": "Questo",
                            "point_in_time_recovery.#": "1",
                            "point_in_time_recovery.0.enabled": "false",
                            "range_key": "type",
                            "read_capacity": "1",
                            "server_side_encryption.#": "0",
                            "stream_arn": "",
                            "stream_enabled": "false",
                            "stream_label": "",
                            "stream_view_type": "",
                            "tags.%": "2",
                            "tags.Environment": "local",
                            "tags.Name": "questo_dynamodb_table",
                            "ttl.#": "1",
                            "ttl.0.attribute_name": "",
                            "ttl.0.enabled": "false",
                            "write_capacity": "1"
                        },
                        "meta": {
                            "e2bfb730-ecaa-11e6-8f88-34363bc7c4c0": {
                                "create": 600000000000,
                                "delete": 600000000000,
                                "update": 3600000000000
                            },
                            "schema_version": "1"
                        },
                        "tainted": false
                    },
                    "deposed": [],
                    "provider": "provider.aws"
                }
            },
            "depends_on": []
        }
    ]
}
