{
  "version": 4,
  "terraform_version": "1.0.11",
  "serial": 335,
  "lineage": "85a7e1f4-c1cd-b511-637c-f69ddedbe406",
  "outputs": {
    "cluster_endpoint": {
      "value": "https://38AB1CF623ED161BF0394F63CBA90EDB.gr7.eu-west-2.eks.amazonaws.com",
      "type": "string"
    },
    "cluster_id": {
      "value": "questo-eks-AF7DWDoH",
      "type": "string"
    },
    "cluster_name": {
      "value": "questo-eks-AF7DWDoH",
      "type": "string"
    },
    "cluster_security_group_id": {
      "value": "sg-03b16febf9acf6f27",
      "type": "string"
    },
    "config_map_aws_auth": {
      "value": [
        {
          "binary_data": null,
          "data": {
            "mapAccounts": "[]\n",
            "mapRoles": "- \"groups\":\n  - \"system:bootstrappers\"\n  - \"system:nodes\"\n  \"rolearn\": \"arn:aws:iam::970391478493:role/questo-eks-AF7DWDoH2021112000001298240000000c\"\n  \"username\": \"system:node:{{EC2PrivateDNSName}}\"\n",
            "mapUsers": "[]\n"
          },
          "id": "kube-system/aws-auth",
          "metadata": [
            {
              "annotations": null,
              "generate_name": "",
              "generation": 0,
              "labels": {
                "app.kubernetes.io/managed-by": "Terraform",
                "terraform.io/module": "terraform-aws-modules.eks.aws"
              },
              "name": "aws-auth",
              "namespace": "kube-system",
              "resource_version": "674",
              "uid": "294997cd-51f8-48dc-8eda-606f480fcf27"
            }
          ]
        }
      ],
      "type": [
        "tuple",
        [
          [
            "object",
            {
              "binary_data": [
                "map",
                "string"
              ],
              "data": [
                "map",
                "string"
              ],
              "id": "string",
              "metadata": [
                "list",
                [
                  "object",
                  {
                    "annotations": [
                      "map",
                      "string"
                    ],
                    "generate_name": "string",
                    "generation": "number",
                    "labels": [
                      "map",
                      "string"
                    ],
                    "name": "string",
                    "namespace": "string",
                    "resource_version": "string",
                    "uid": "string"
                  }
                ]
              ]
            }
          ]
        ]
      ]
    },
    "kubectl_config": {
      "value": "apiVersion: v1\npreferences: {}\nkind: Config\n\nclusters:\n- cluster:\n    server: https://38AB1CF623ED161BF0394F63CBA90EDB.gr7.eu-west-2.eks.amazonaws.com\n    certificate-authority-data: LS0tLS1CRUdJTiBDRVJUSUZJQ0FURS0tLS0tCk1JSUM1ekNDQWMrZ0F3SUJBZ0lCQURBTkJna3Foa2lHOXcwQkFRc0ZBREFWTVJNd0VRWURWUVFERXdwcmRXSmwKY201bGRHVnpNQjRYRFRJeE1URXhPVEl6TlRZeE5sb1hEVE14TVRFeE56SXpOVFl4Tmxvd0ZURVRNQkVHQTFVRQpBeE1LYTNWaVpYSnVaWFJsY3pDQ0FTSXdEUVlKS29aSWh2Y05BUUVCQlFBRGdnRVBBRENDQVFvQ2dnRUJBTlk4CkF1Ymp0dWZ2eG82aHgrN0lrMlRHallBYzc0bzQ2N0duNkVrTUF1MEEreXZlelVoSDdJM29OUUd4MWpJOUdvZnYKTkw3MmU2QjhVaHRSY2pBUDAvbTJ1WnFaMFhST3Z2QzlFV3RhY3lSWXpTWlJxM0RPNFJ2bmJYT3pveVdVTXE0NgpZbC81aXZSTUhRQ05kWGxybEJUczdIMDFUN1RQREV1b1pzTUtiaHh3K2t1elc0cTEzV2p2ZzFQR1lwbklqUXBkCjlSM1R2VU0yaVdKNVBEQVVwZVFMM01lSUlCY2VNS2lrSEVQaDFZSWJvcU9OWXdISUVrNksxTk9JODNEN3RaT28KQmVlRkRsL2xSMjdyMGxodVZnMWVWeENNY0wvcnQ4dW0xNEJqdTZ5QTFJTjV0V3JpLzdlUy9TZlIwR2tjWTZWNApHVURWb3dVRG16OWxDRGtSMUdVQ0F3RUFBYU5DTUVBd0RnWURWUjBQQVFIL0JBUURBZ0trTUE4R0ExVWRFd0VCCi93UUZNQU1CQWY4d0hRWURWUjBPQkJZRUZIMFNkUUJQa0JjelJNNVJFNDJPZ0M4bkpzZ3JNQTBHQ1NxR1NJYjMKRFFFQkN3VUFBNElCQVFEVjA1ZVVhVzJ3QnJCUkkxK25rdGRhZmtBOG0zYVJidE5hRGRhYVFRUXpMbHFEN1JrUApnVjNPNTBxZnRMYTR3NWRBSElnS1htQ1ZwVGt6aC9nSVdHS2pZUGV0S0dreUlPZGdHTzJLcDczY08wZ3Z4N09KCm9SZjdYUWRpNERQV1ZGMVAwMTJzakNTRmxHdWUxZHlzdE5sY0ZVRDgrQTFKeWEzLzcwYlh1UmZHLzdWazZsSXUKZWVHRUVrbjFNNEdvVXFoRDl3YWRpdjArcC9sRTVyRHYyNURaWG9zb25LaFZkUlZQZWo5RHVXeXVpTnpYYTc2OApYRlBvYjJmMnRHYnVIVExPUmxkaU45ZmpzVVVpTCt0QkVoSUlOMGsrK053Y21XNkNoZGhvRUFDQmZpMWNoQlhkClIrZXI1c2pUZFNXRkRRQVZ6anhydVhzdkRXWTNLdktZSkRZNwotLS0tLUVORCBDRVJUSUZJQ0FURS0tLS0tCg==\n  name: eks_questo-eks-AF7DWDoH\n\ncontexts:\n- context:\n    cluster: eks_questo-eks-AF7DWDoH\n    user: eks_questo-eks-AF7DWDoH\n  name: eks_questo-eks-AF7DWDoH\n\ncurrent-context: eks_questo-eks-AF7DWDoH\n\nusers:\n- name: eks_questo-eks-AF7DWDoH\n  user:\n    exec:\n      apiVersion: client.authentication.k8s.io/v1alpha1\n      command: aws-iam-authenticator\n      args:\n        - \"token\"\n        - \"-i\"\n        - \"questo-eks-AF7DWDoH\"\n",
      "type": "string"
    },
    "region": {
      "value": "eu-west-2",
      "type": "string"
    }
  },
  "resources": [
    {
      "mode": "data",
      "type": "aws_availability_zones",
      "name": "available",
      "provider": "provider[\"registry.terraform.io/hashicorp/aws\"]",
      "instances": [
        {
          "schema_version": 0,
          "attributes": {
            "all_availability_zones": null,
            "exclude_names": null,
            "exclude_zone_ids": null,
            "filter": null,
            "group_names": [
              "eu-west-2"
            ],
            "id": "eu-west-2",
            "names": [
              "eu-west-2a",
              "eu-west-2b",
              "eu-west-2c"
            ],
            "state": null,
            "zone_ids": [
              "euw2-az2",
              "euw2-az3",
              "euw2-az1"
            ]
          },
          "sensitive_attributes": []
        }
      ]
    },
    {
      "mode": "data",
      "type": "aws_eks_cluster",
      "name": "cluster",
      "provider": "provider[\"registry.terraform.io/hashicorp/aws\"]",
      "instances": [
        {
          "schema_version": 0,
          "attributes": {
            "arn": "arn:aws:eks:eu-west-2:970391478493:cluster/questo-eks-AF7DWDoH",
            "certificate_authority": [
              {
                "data": "LS0tLS1CRUdJTiBDRVJUSUZJQ0FURS0tLS0tCk1JSUM1ekNDQWMrZ0F3SUJBZ0lCQURBTkJna3Foa2lHOXcwQkFRc0ZBREFWTVJNd0VRWURWUVFERXdwcmRXSmwKY201bGRHVnpNQjRYRFRJeE1URXhPVEl6TlRZeE5sb1hEVE14TVRFeE56SXpOVFl4Tmxvd0ZURVRNQkVHQTFVRQpBeE1LYTNWaVpYSnVaWFJsY3pDQ0FTSXdEUVlKS29aSWh2Y05BUUVCQlFBRGdnRVBBRENDQVFvQ2dnRUJBTlk4CkF1Ymp0dWZ2eG82aHgrN0lrMlRHallBYzc0bzQ2N0duNkVrTUF1MEEreXZlelVoSDdJM29OUUd4MWpJOUdvZnYKTkw3MmU2QjhVaHRSY2pBUDAvbTJ1WnFaMFhST3Z2QzlFV3RhY3lSWXpTWlJxM0RPNFJ2bmJYT3pveVdVTXE0NgpZbC81aXZSTUhRQ05kWGxybEJUczdIMDFUN1RQREV1b1pzTUtiaHh3K2t1elc0cTEzV2p2ZzFQR1lwbklqUXBkCjlSM1R2VU0yaVdKNVBEQVVwZVFMM01lSUlCY2VNS2lrSEVQaDFZSWJvcU9OWXdISUVrNksxTk9JODNEN3RaT28KQmVlRkRsL2xSMjdyMGxodVZnMWVWeENNY0wvcnQ4dW0xNEJqdTZ5QTFJTjV0V3JpLzdlUy9TZlIwR2tjWTZWNApHVURWb3dVRG16OWxDRGtSMUdVQ0F3RUFBYU5DTUVBd0RnWURWUjBQQVFIL0JBUURBZ0trTUE4R0ExVWRFd0VCCi93UUZNQU1CQWY4d0hRWURWUjBPQkJZRUZIMFNkUUJQa0JjelJNNVJFNDJPZ0M4bkpzZ3JNQTBHQ1NxR1NJYjMKRFFFQkN3VUFBNElCQVFEVjA1ZVVhVzJ3QnJCUkkxK25rdGRhZmtBOG0zYVJidE5hRGRhYVFRUXpMbHFEN1JrUApnVjNPNTBxZnRMYTR3NWRBSElnS1htQ1ZwVGt6aC9nSVdHS2pZUGV0S0dreUlPZGdHTzJLcDczY08wZ3Z4N09KCm9SZjdYUWRpNERQV1ZGMVAwMTJzakNTRmxHdWUxZHlzdE5sY0ZVRDgrQTFKeWEzLzcwYlh1UmZHLzdWazZsSXUKZWVHRUVrbjFNNEdvVXFoRDl3YWRpdjArcC9sRTVyRHYyNURaWG9zb25LaFZkUlZQZWo5RHVXeXVpTnpYYTc2OApYRlBvYjJmMnRHYnVIVExPUmxkaU45ZmpzVVVpTCt0QkVoSUlOMGsrK053Y21XNkNoZGhvRUFDQmZpMWNoQlhkClIrZXI1c2pUZFNXRkRRQVZ6anhydVhzdkRXWTNLdktZSkRZNwotLS0tLUVORCBDRVJUSUZJQ0FURS0tLS0tCg=="
              }
            ],
            "created_at": "2021-11-19 23:50:44.912 +0000 UTC",
            "enabled_cluster_log_types": [],
            "endpoint": "https://38AB1CF623ED161BF0394F63CBA90EDB.gr7.eu-west-2.eks.amazonaws.com",
            "id": "questo-eks-AF7DWDoH",
            "identity": [
              {
                "oidc": [
                  {
                    "issuer": "https://oidc.eks.eu-west-2.amazonaws.com/id/38AB1CF623ED161BF0394F63CBA90EDB"
                  }
                ]
              }
            ],
            "kubernetes_network_config": [
              {
                "service_ipv4_cidr": "172.20.0.0/16"
              }
            ],
            "name": "questo-eks-AF7DWDoH",
            "platform_version": "eks.3",
            "role_arn": "arn:aws:iam::970391478493:role/questo-eks-AF7DWDoH20211119235037194600000002",
            "status": "ACTIVE",
            "tags": {
              "Environment": "dev"
            },
            "version": "1.21",
            "vpc_config": [
              {
                "cluster_security_group_id": "sg-05edfc2dc7391b4f3",
                "endpoint_private_access": false,
                "endpoint_public_access": true,
                "public_access_cidrs": [
                  "0.0.0.0/0"
                ],
                "security_group_ids": [
                  "sg-03b16febf9acf6f27"
                ],
                "subnet_ids": [
                  "subnet-052546a418e672832",
                  "subnet-0653092fb4b5f5373",
                  "subnet-0aa5b6b08e84aaad6"
                ],
                "vpc_id": "vpc-019a202cd2479149c"
              }
            ]
          },
          "sensitive_attributes": []
        }
      ]
    },
    {
      "mode": "data",
      "type": "aws_eks_cluster_auth",
      "name": "cluster",
      "provider": "provider[\"registry.terraform.io/hashicorp/aws\"]",
      "instances": [
        {
          "schema_version": 0,
          "attributes": {
            "id": "questo-eks-AF7DWDoH",
            "name": "questo-eks-AF7DWDoH",
            "token": "k8s-aws-v1.aHR0cHM6Ly9zdHMuYW1hem9uYXdzLmNvbS8_QWN0aW9uPUdldENhbGxlcklkZW50aXR5JlZlcnNpb249MjAxMS0wNi0xNSZYLUFtei1BbGdvcml0aG09QVdTNC1ITUFDLVNIQTI1NiZYLUFtei1DcmVkZW50aWFsPUFLSUFKUVNFWU1PWUNVWTcyNURRJTJGMjAyMTExMjAlMkZ1cy1lYXN0LTElMkZzdHMlMkZhd3M0X3JlcXVlc3QmWC1BbXotRGF0ZT0yMDIxMTEyMFQwMDAwMTNaJlgtQW16LUV4cGlyZXM9MCZYLUFtei1TaWduZWRIZWFkZXJzPWhvc3QlM0J4LWs4cy1hd3MtaWQmWC1BbXotU2lnbmF0dXJlPWFkNTExNDE4YWRiNjYwMjE2YTgyYjlhZjYyNGJlMTY4ZTc3ODkxZDFmZTZmNTNkN2IyNWYxNTcxMWNlZWI5MTc"
          },
          "sensitive_attributes": []
        }
      ]
    },
    {
      "mode": "managed",
      "type": "aws_security_group",
      "name": "all_worker_mgmt",
      "provider": "provider[\"registry.terraform.io/hashicorp/aws\"]",
      "instances": [
        {
          "schema_version": 1,
          "attributes": {
            "arn": "arn:aws:ec2:eu-west-2:970391478493:security-group/sg-07ed1e64ce1baaa1a",
            "description": "Managed by Terraform",
            "egress": [],
            "id": "sg-07ed1e64ce1baaa1a",
            "ingress": [
              {
                "cidr_blocks": [
                  "10.0.0.0/8",
                  "172.16.0.0/12",
                  "192.168.0.0/16"
                ],
                "description": "",
                "from_port": 22,
                "ipv6_cidr_blocks": [],
                "prefix_list_ids": [],
                "protocol": "tcp",
                "security_groups": [],
                "self": false,
                "to_port": 22
              }
            ],
            "name": "all_worker_management20211119235039366100000003",
            "name_prefix": "all_worker_management",
            "owner_id": "970391478493",
            "revoke_rules_on_delete": false,
            "tags": null,
            "tags_all": {},
            "timeouts": null,
            "vpc_id": "vpc-019a202cd2479149c"
          },
          "sensitive_attributes": [],
          "private": "eyJlMmJmYjczMC1lY2FhLTExZTYtOGY4OC0zNDM2M2JjN2M0YzAiOnsiY3JlYXRlIjo2MDAwMDAwMDAwMDAsImRlbGV0ZSI6OTAwMDAwMDAwMDAwfSwic2NoZW1hX3ZlcnNpb24iOiIxIn0=",
          "dependencies": [
            "module.vpc.aws_vpc.this",
            "random_string.suffix"
          ]
        }
      ]
    },
    {
      "mode": "managed",
      "type": "aws_security_group",
      "name": "worker_group_mgmt_one",
      "provider": "provider[\"registry.terraform.io/hashicorp/aws\"]",
      "instances": [
        {
          "schema_version": 1,
          "attributes": {
            "arn": "arn:aws:ec2:eu-west-2:970391478493:security-group/sg-0a2f34e9aeea775ec",
            "description": "Managed by Terraform",
            "egress": [],
            "id": "sg-0a2f34e9aeea775ec",
            "ingress": [
              {
                "cidr_blocks": [
                  "10.0.0.0/8"
                ],
                "description": "",
                "from_port": 22,
                "ipv6_cidr_blocks": [],
                "prefix_list_ids": [],
                "protocol": "tcp",
                "security_groups": [],
                "self": false,
                "to_port": 22
              }
            ],
            "name": "worker_group_mgmt_one20211119235039373200000004",
            "name_prefix": "worker_group_mgmt_one",
            "owner_id": "970391478493",
            "revoke_rules_on_delete": false,
            "tags": null,
            "tags_all": {},
            "timeouts": null,
            "vpc_id": "vpc-019a202cd2479149c"
          },
          "sensitive_attributes": [],
          "private": "eyJlMmJmYjczMC1lY2FhLTExZTYtOGY4OC0zNDM2M2JjN2M0YzAiOnsiY3JlYXRlIjo2MDAwMDAwMDAwMDAsImRlbGV0ZSI6OTAwMDAwMDAwMDAwfSwic2NoZW1hX3ZlcnNpb24iOiIxIn0=",
          "dependencies": [
            "module.vpc.aws_vpc.this",
            "random_string.suffix"
          ],
          "create_before_destroy": true
        }
      ]
    },
    {
      "mode": "managed",
      "type": "aws_security_group",
      "name": "worker_group_mgmt_two",
      "provider": "provider[\"registry.terraform.io/hashicorp/aws\"]",
      "instances": [
        {
          "schema_version": 1,
          "attributes": {
            "arn": "arn:aws:ec2:eu-west-2:970391478493:security-group/sg-0cdfa8cdfac6e97ce",
            "description": "Managed by Terraform",
            "egress": [],
            "id": "sg-0cdfa8cdfac6e97ce",
            "ingress": [
              {
                "cidr_blocks": [
                  "192.168.0.0/16"
                ],
                "description": "",
                "from_port": 22,
                "ipv6_cidr_blocks": [],
                "prefix_list_ids": [],
                "protocol": "tcp",
                "security_groups": [],
                "self": false,
                "to_port": 22
              }
            ],
            "name": "worker_group_mgmt_two20211119235040008100000005",
            "name_prefix": "worker_group_mgmt_two",
            "owner_id": "970391478493",
            "revoke_rules_on_delete": false,
            "tags": null,
            "tags_all": {},
            "timeouts": null,
            "vpc_id": "vpc-019a202cd2479149c"
          },
          "sensitive_attributes": [],
          "private": "eyJlMmJmYjczMC1lY2FhLTExZTYtOGY4OC0zNDM2M2JjN2M0YzAiOnsiY3JlYXRlIjo2MDAwMDAwMDAwMDAsImRlbGV0ZSI6OTAwMDAwMDAwMDAwfSwic2NoZW1hX3ZlcnNpb24iOiIxIn0=",
          "dependencies": [
            "module.vpc.aws_vpc.this",
            "random_string.suffix"
          ],
          "create_before_destroy": true
        }
      ]
    },
    {
      "mode": "managed",
      "type": "random_string",
      "name": "suffix",
      "provider": "provider[\"registry.terraform.io/hashicorp/random\"]",
      "instances": [
        {
          "schema_version": 1,
          "attributes": {
            "id": "AF7DWDoH",
            "keepers": null,
            "length": 8,
            "lower": true,
            "min_lower": 0,
            "min_numeric": 0,
            "min_special": 0,
            "min_upper": 0,
            "number": true,
            "override_special": null,
            "result": "AF7DWDoH",
            "special": false,
            "upper": true
          },
          "sensitive_attributes": [],
          "private": "eyJzY2hlbWFfdmVyc2lvbiI6IjEifQ==",
          "create_before_destroy": true
        }
      ]
    },
    {
      "module": "module.eks",
      "mode": "data",
      "type": "aws_ami",
      "name": "eks_worker",
      "provider": "provider[\"registry.terraform.io/hashicorp/aws\"]",
      "instances": [
        {
          "index_key": 0,
          "schema_version": 0,
          "attributes": {
            "architecture": "x86_64",
            "arn": "arn:aws:ec2:eu-west-2::image/ami-067c050dd52776d63",
            "block_device_mappings": [
              {
                "device_name": "/dev/xvda",
                "ebs": {
                  "delete_on_termination": "true",
                  "encrypted": "false",
                  "iops": "0",
                  "snapshot_id": "snap-061d94c0f38b5caae",
                  "throughput": "0",
                  "volume_size": "20",
                  "volume_type": "gp2"
                },
                "no_device": "",
                "virtual_name": ""
              }
            ],
            "creation_date": "2021-11-18T03:56:17.000Z",
            "description": "EKS Kubernetes Worker AMI with AmazonLinux2 image, (k8s: 1.21.5, docker: 20.10.7-5.amzn2, containerd: 1.4.6-7.amzn2)",
            "ena_support": true,
            "executable_users": null,
            "filter": [
              {
                "name": "name",
                "values": [
                  "amazon-eks-node-1.21-v*"
                ]
              }
            ],
            "hypervisor": "xen",
            "id": "ami-067c050dd52776d63",
            "image_id": "ami-067c050dd52776d63",
            "image_location": "amazon/amazon-eks-node-1.21-v20211117",
            "image_owner_alias": "amazon",
            "image_type": "machine",
            "kernel_id": null,
            "most_recent": true,
            "name": "amazon-eks-node-1.21-v20211117",
            "name_regex": null,
            "owner_id": "602401143452",
            "owners": [
              "amazon"
            ],
            "platform": null,
            "platform_details": "Linux/UNIX",
            "product_codes": [],
            "public": true,
            "ramdisk_id": null,
            "root_device_name": "/dev/xvda",
            "root_device_type": "ebs",
            "root_snapshot_id": "snap-061d94c0f38b5caae",
            "sriov_net_support": "simple",
            "state": "available",
            "state_reason": {
              "code": "UNSET",
              "message": "UNSET"
            },
            "tags": {},
            "usage_operation": "RunInstances",
            "virtualization_type": "hvm"
          },
          "sensitive_attributes": []
        }
      ]
    },
    {
      "module": "module.eks",
      "mode": "data",
      "type": "aws_caller_identity",
      "name": "current",
      "provider": "provider[\"registry.terraform.io/hashicorp/aws\"]",
      "instances": [
        {
          "schema_version": 0,
          "attributes": {
            "account_id": "970391478493",
            "arn": "arn:aws:iam::970391478493:user/admin-dev",
            "id": "970391478493",
            "user_id": "AIDAJSZIT7X5PCGBNETD2"
          },
          "sensitive_attributes": []
        }
      ]
    },
    {
      "module": "module.eks",
      "mode": "data",
      "type": "aws_iam_policy_document",
      "name": "cluster_assume_role_policy",
      "provider": "provider[\"registry.terraform.io/hashicorp/aws\"]",
      "instances": [
        {
          "schema_version": 0,
          "attributes": {
            "id": "2764486067",
            "json": "{\n  \"Version\": \"2012-10-17\",\n  \"Statement\": [\n    {\n      \"Sid\": \"EKSClusterAssumeRole\",\n      \"Effect\": \"Allow\",\n      \"Action\": \"sts:AssumeRole\",\n      \"Principal\": {\n        \"Service\": \"eks.amazonaws.com\"\n      }\n    }\n  ]\n}",
            "override_json": null,
            "override_policy_documents": null,
            "policy_id": null,
            "source_json": null,
            "source_policy_documents": null,
            "statement": [
              {
                "actions": [
                  "sts:AssumeRole"
                ],
                "condition": [],
                "effect": "Allow",
                "not_actions": [],
                "not_principals": [],
                "not_resources": [],
                "principals": [
                  {
                    "identifiers": [
                      "eks.amazonaws.com"
                    ],
                    "type": "Service"
                  }
                ],
                "resources": [],
                "sid": "EKSClusterAssumeRole"
              }
            ],
            "version": "2012-10-17"
          },
          "sensitive_attributes": []
        }
      ]
    },
    {
      "module": "module.eks",
      "mode": "data",
      "type": "aws_iam_policy_document",
      "name": "cluster_elb_sl_role_creation",
      "provider": "provider[\"registry.terraform.io/hashicorp/aws\"]",
      "instances": [
        {
          "index_key": 0,
          "schema_version": 0,
          "attributes": {
            "id": "3709839417",
            "json": "{\n  \"Version\": \"2012-10-17\",\n  \"Statement\": [\n    {\n      \"Sid\": \"\",\n      \"Effect\": \"Allow\",\n      \"Action\": [\n        \"ec2:DescribeInternetGateways\",\n        \"ec2:DescribeAddresses\",\n        \"ec2:DescribeAccountAttributes\"\n      ],\n      \"Resource\": \"*\"\n    }\n  ]\n}",
            "override_json": null,
            "override_policy_documents": null,
            "policy_id": null,
            "source_json": null,
            "source_policy_documents": null,
            "statement": [
              {
                "actions": [
                  "ec2:DescribeAccountAttributes",
                  "ec2:DescribeAddresses",
                  "ec2:DescribeInternetGateways"
                ],
                "condition": [],
                "effect": "Allow",
                "not_actions": [],
                "not_principals": [],
                "not_resources": [],
                "principals": [],
                "resources": [
                  "*"
                ],
                "sid": ""
              }
            ],
            "version": "2012-10-17"
          },
          "sensitive_attributes": []
        }
      ]
    },
    {
      "module": "module.eks",
      "mode": "data",
      "type": "aws_iam_policy_document",
      "name": "workers_assume_role_policy",
      "provider": "provider[\"registry.terraform.io/hashicorp/aws\"]",
      "instances": [
        {
          "schema_version": 0,
          "attributes": {
            "id": "3778018924",
            "json": "{\n  \"Version\": \"2012-10-17\",\n  \"Statement\": [\n    {\n      \"Sid\": \"EKSWorkerAssumeRole\",\n      \"Effect\": \"Allow\",\n      \"Action\": \"sts:AssumeRole\",\n      \"Principal\": {\n        \"Service\": \"ec2.amazonaws.com\"\n      }\n    }\n  ]\n}",
            "override_json": null,
            "override_policy_documents": null,
            "policy_id": null,
            "source_json": null,
            "source_policy_documents": null,
            "statement": [
              {
                "actions": [
                  "sts:AssumeRole"
                ],
                "condition": [],
                "effect": "Allow",
                "not_actions": [],
                "not_principals": [],
                "not_resources": [],
                "principals": [
                  {
                    "identifiers": [
                      "ec2.amazonaws.com"
                    ],
                    "type": "Service"
                  }
                ],
                "resources": [],
                "sid": "EKSWorkerAssumeRole"
              }
            ],
            "version": "2012-10-17"
          },
          "sensitive_attributes": []
        }
      ]
    },
    {
      "module": "module.eks",
      "mode": "data",
      "type": "aws_partition",
      "name": "current",
      "provider": "provider[\"registry.terraform.io/hashicorp/aws\"]",
      "instances": [
        {
          "schema_version": 0,
          "attributes": {
            "dns_suffix": "amazonaws.com",
            "id": "aws",
            "partition": "aws",
            "reverse_dns_prefix": "com.amazonaws"
          },
          "sensitive_attributes": []
        }
      ]
    },
    {
      "module": "module.eks",
      "mode": "data",
      "type": "http",
      "name": "wait_for_cluster",
      "provider": "provider[\"registry.terraform.io/terraform-aws-modules/http\"]",
      "instances": [
        {
          "index_key": 0,
          "schema_version": 0,
          "attributes": {
            "body": "ok",
            "ca_certificate": "-----BEGIN CERTIFICATE-----\nMIIC5zCCAc+gAwIBAgIBADANBgkqhkiG9w0BAQsFADAVMRMwEQYDVQQDEwprdWJl\ncm5ldGVzMB4XDTIxMTExOTIzNTYxNloXDTMxMTExNzIzNTYxNlowFTETMBEGA1UE\nAxMKa3ViZXJuZXRlczCCASIwDQYJKoZIhvcNAQEBBQADggEPADCCAQoCggEBANY8\nAubjtufvxo6hx+7Ik2TGjYAc74o467Gn6EkMAu0A+yvezUhH7I3oNQGx1jI9Gofv\nNL72e6B8UhtRcjAP0/m2uZqZ0XROvvC9EWtacyRYzSZRq3DO4RvnbXOzoyWUMq46\nYl/5ivRMHQCNdXlrlBTs7H01T7TPDEuoZsMKbhxw+kuzW4q13Wjvg1PGYpnIjQpd\n9R3TvUM2iWJ5PDAUpeQL3MeIIBceMKikHEPh1YIboqONYwHIEk6K1NOI83D7tZOo\nBeeFDl/lR27r0lhuVg1eVxCMcL/rt8um14Bju6yA1IN5tWri/7eS/SfR0GkcY6V4\nGUDVowUDmz9lCDkR1GUCAwEAAaNCMEAwDgYDVR0PAQH/BAQDAgKkMA8GA1UdEwEB\n/wQFMAMBAf8wHQYDVR0OBBYEFH0SdQBPkBczRM5RE42OgC8nJsgrMA0GCSqGSIb3\nDQEBCwUAA4IBAQDV05eUaW2wBrBRI1+nktdafkA8m3aRbtNaDdaaQQQzLlqD7RkP\ngV3O50qftLa4w5dAHIgKXmCVpTkzh/gIWGKjYPetKGkyIOdgGO2Kp73cO0gvx7OJ\noRf7XQdi4DPWVF1P012sjCSFlGue1dystNlcFUD8+A1Jya3/70bXuRfG/7Vk6lIu\neeGEEkn1M4GoUqhD9wadiv0+p/lE5rDv25DZXosonKhVdRVPej9DuWyuiNzXa768\nXFPob2f2tGbuHTLORldiN9fjsUUiL+tBEhIIN0k++NwcmW6ChdhoEACBfi1chBXd\nR+er5sjTdSWFDQAVzjxruXsvDWY3KvKYJDY7\n-----END CERTIFICATE-----\n",
            "id": "https://38AB1CF623ED161BF0394F63CBA90EDB.gr7.eu-west-2.eks.amazonaws.com/healthz",
            "insecure": false,
            "request_headers": null,
            "response_headers": {
              "Cache-Control": "no-cache, private",
              "Content-Length": "2",
              "Content-Type": "text/plain; charset=utf-8",
              "Date": "Sat, 20 Nov 2021 00:00:13 GMT",
              "X-Content-Type-Options": "nosniff",
              "X-Kubernetes-Pf-Flowschema-Uid": "e2a2a6ba-f8be-4709-ba2e-561022b4ac7e",
              "X-Kubernetes-Pf-Prioritylevel-Uid": "25ce29b0-4f9b-4a90-929c-9e3a6717d5b9"
            },
            "timeout": 300,
            "url": "https://38AB1CF623ED161BF0394F63CBA90EDB.gr7.eu-west-2.eks.amazonaws.com/healthz"
          },
          "sensitive_attributes": []
        }
      ]
    },
    {
      "module": "module.eks",
      "mode": "managed",
      "type": "aws_autoscaling_group",
      "name": "workers",
      "provider": "provider[\"registry.terraform.io/hashicorp/aws\"]",
      "instances": [
        {
          "index_key": 0,
          "schema_version": 0,
          "attributes": {
            "arn": "arn:aws:autoscaling:eu-west-2:970391478493:autoScalingGroup:050f61bf-0de5-4684-872f-3f70a4f9a0a0:autoScalingGroupName/questo-eks-AF7DWDoH-worker-group-120211120000034707100000014",
            "availability_zones": [
              "eu-west-2a",
              "eu-west-2b",
              "eu-west-2c"
            ],
            "capacity_rebalance": false,
            "default_cooldown": 300,
            "desired_capacity": 2,
            "enabled_metrics": null,
            "force_delete": false,
            "force_delete_warm_pool": false,
            "health_check_grace_period": 300,
            "health_check_type": "EC2",
            "id": "questo-eks-AF7DWDoH-worker-group-120211120000034707100000014",
            "initial_lifecycle_hook": [],
            "instance_refresh": [],
            "launch_configuration": "questo-eks-AF7DWDoH-worker-group-120211120000017087500000013",
            "launch_template": [],
            "load_balancers": null,
            "max_instance_lifetime": 0,
            "max_size": 3,
            "metrics_granularity": "1Minute",
            "min_elb_capacity": null,
            "min_size": 1,
            "mixed_instances_policy": [],
            "name": "questo-eks-AF7DWDoH-worker-group-120211120000034707100000014",
            "name_prefix": "questo-eks-AF7DWDoH-worker-group-1",
            "placement_group": "",
            "protect_from_scale_in": false,
            "service_linked_role_arn": "arn:aws:iam::970391478493:role/aws-service-role/autoscaling.amazonaws.com/AWSServiceRoleForAutoScaling",
            "suspended_processes": [
              "AZRebalance"
            ],
            "tag": [
              {
                "key": "Environment",
                "propagate_at_launch": true,
                "value": "dev"
              },
              {
                "key": "Name",
                "propagate_at_launch": true,
                "value": "questo-eks-AF7DWDoH-worker-group-1-eks_asg"
              },
              {
                "key": "k8s.io/cluster/questo-eks-AF7DWDoH",
                "propagate_at_launch": true,
                "value": "owned"
              },
              {
                "key": "kubernetes.io/cluster/questo-eks-AF7DWDoH",
                "propagate_at_launch": true,
                "value": "owned"
              }
            ],
            "tags": null,
            "target_group_arns": null,
            "termination_policies": [],
            "timeouts": null,
            "vpc_zone_identifier": [
              "subnet-052546a418e672832",
              "subnet-0653092fb4b5f5373",
              "subnet-0aa5b6b08e84aaad6"
            ],
            "wait_for_capacity_timeout": "10m",
            "wait_for_elb_capacity": null,
            "warm_pool": []
          },
          "sensitive_attributes": [],
          "private": "eyJlMmJmYjczMC1lY2FhLTExZTYtOGY4OC0zNDM2M2JjN2M0YzAiOnsiZGVsZXRlIjo2MDAwMDAwMDAwMDB9fQ==",
          "dependencies": [
            "aws_security_group.worker_group_mgmt_one",
            "aws_security_group.worker_group_mgmt_two",
            "data.aws_availability_zones.available",
            "module.eks.aws_cloudwatch_log_group.this",
            "module.eks.aws_eks_cluster.this",
            "module.eks.aws_iam_instance_profile.workers",
            "module.eks.aws_iam_role.cluster",
            "module.eks.aws_iam_role.workers",
            "module.eks.aws_iam_role_policy_attachment.cluster_AmazonEKSClusterPolicy",
            "module.eks.aws_iam_role_policy_attachment.cluster_AmazonEKSServicePolicy",
            "module.eks.aws_iam_role_policy_attachment.cluster_AmazonEKSVPCResourceControllerPolicy",
            "module.eks.aws_iam_role_policy_attachment.workers_AmazonEC2ContainerRegistryReadOnly",
            "module.eks.aws_iam_role_policy_attachment.workers_AmazonEKSWorkerNodePolicy",
            "module.eks.aws_iam_role_policy_attachment.workers_AmazonEKS_CNI_Policy",
            "module.eks.aws_iam_role_policy_attachment.workers_additional_policies",
            "module.eks.aws_launch_configuration.workers",
            "module.eks.aws_security_group.cluster",
            "module.eks.aws_security_group.workers",
            "module.eks.aws_security_group_rule.cluster_egress_internet",
            "module.eks.aws_security_group_rule.cluster_https_worker_ingress",
            "module.eks.aws_security_group_rule.cluster_primary_ingress_workers",
            "module.eks.aws_security_group_rule.workers_egress_internet",
            "module.eks.aws_security_group_rule.workers_ingress_cluster",
            "module.eks.aws_security_group_rule.workers_ingress_cluster_https",
            "module.eks.aws_security_group_rule.workers_ingress_cluster_kubelet",
            "module.eks.aws_security_group_rule.workers_ingress_cluster_primary",
            "module.eks.aws_security_group_rule.workers_ingress_self",
            "module.eks.data.aws_ami.eks_worker",
            "module.eks.data.aws_ami.eks_worker_windows",
            "module.eks.data.aws_iam_instance_profile.custom_worker_group_iam_instance_profile",
            "module.eks.data.aws_iam_policy_document.cluster_assume_role_policy",
            "module.eks.data.aws_iam_policy_document.workers_assume_role_policy",
            "module.eks.data.aws_iam_role.custom_cluster_iam_role",
            "module.eks.data.aws_partition.current",
            "module.vpc.aws_subnet.private",
            "module.vpc.aws_vpc.this",
            "module.vpc.aws_vpc_ipv4_cidr_block_association.this",
            "random_string.suffix"
          ],
          "create_before_destroy": true
        },
        {
          "index_key": 1,
          "schema_version": 0,
          "attributes": {
            "arn": "arn:aws:autoscaling:eu-west-2:970391478493:autoScalingGroup:85f1b5c7-08f0-4cda-b107-4e8a66047720:autoScalingGroupName/questo-eks-AF7DWDoH-worker-group-220211120000034709700000015",
            "availability_zones": [
              "eu-west-2a",
              "eu-west-2b",
              "eu-west-2c"
            ],
            "capacity_rebalance": false,
            "default_cooldown": 300,
            "desired_capacity": 1,
            "enabled_metrics": null,
            "force_delete": false,
            "force_delete_warm_pool": false,
            "health_check_grace_period": 300,
            "health_check_type": "EC2",
            "id": "questo-eks-AF7DWDoH-worker-group-220211120000034709700000015",
            "initial_lifecycle_hook": [],
            "instance_refresh": [],
            "launch_configuration": "questo-eks-AF7DWDoH-worker-group-220211120000017086200000012",
            "launch_template": [],
            "load_balancers": null,
            "max_instance_lifetime": 0,
            "max_size": 3,
            "metrics_granularity": "1Minute",
            "min_elb_capacity": null,
            "min_size": 1,
            "mixed_instances_policy": [],
            "name": "questo-eks-AF7DWDoH-worker-group-220211120000034709700000015",
            "name_prefix": "questo-eks-AF7DWDoH-worker-group-2",
            "placement_group": "",
            "protect_from_scale_in": false,
            "service_linked_role_arn": "arn:aws:iam::970391478493:role/aws-service-role/autoscaling.amazonaws.com/AWSServiceRoleForAutoScaling",
            "suspended_processes": [
              "AZRebalance"
            ],
            "tag": [
              {
                "key": "Environment",
                "propagate_at_launch": true,
                "value": "dev"
              },
              {
                "key": "Name",
                "propagate_at_launch": true,
                "value": "questo-eks-AF7DWDoH-worker-group-2-eks_asg"
              },
              {
                "key": "k8s.io/cluster/questo-eks-AF7DWDoH",
                "propagate_at_launch": true,
                "value": "owned"
              },
              {
                "key": "kubernetes.io/cluster/questo-eks-AF7DWDoH",
                "propagate_at_launch": true,
                "value": "owned"
              }
            ],
            "tags": null,
            "target_group_arns": null,
            "termination_policies": [],
            "timeouts": null,
            "vpc_zone_identifier": [
              "subnet-052546a418e672832",
              "subnet-0653092fb4b5f5373",
              "subnet-0aa5b6b08e84aaad6"
            ],
            "wait_for_capacity_timeout": "10m",
            "wait_for_elb_capacity": null,
            "warm_pool": []
          },
          "sensitive_attributes": [],
          "private": "eyJlMmJmYjczMC1lY2FhLTExZTYtOGY4OC0zNDM2M2JjN2M0YzAiOnsiZGVsZXRlIjo2MDAwMDAwMDAwMDB9fQ==",
          "dependencies": [
            "aws_security_group.worker_group_mgmt_one",
            "aws_security_group.worker_group_mgmt_two",
            "data.aws_availability_zones.available",
            "module.eks.aws_cloudwatch_log_group.this",
            "module.eks.aws_eks_cluster.this",
            "module.eks.aws_iam_instance_profile.workers",
            "module.eks.aws_iam_role.cluster",
            "module.eks.aws_iam_role.workers",
            "module.eks.aws_iam_role_policy_attachment.cluster_AmazonEKSClusterPolicy",
            "module.eks.aws_iam_role_policy_attachment.cluster_AmazonEKSServicePolicy",
            "module.eks.aws_iam_role_policy_attachment.cluster_AmazonEKSVPCResourceControllerPolicy",
            "module.eks.aws_iam_role_policy_attachment.workers_AmazonEC2ContainerRegistryReadOnly",
            "module.eks.aws_iam_role_policy_attachment.workers_AmazonEKSWorkerNodePolicy",
            "module.eks.aws_iam_role_policy_attachment.workers_AmazonEKS_CNI_Policy",
            "module.eks.aws_iam_role_policy_attachment.workers_additional_policies",
            "module.eks.aws_launch_configuration.workers",
            "module.eks.aws_security_group.cluster",
            "module.eks.aws_security_group.workers",
            "module.eks.aws_security_group_rule.cluster_egress_internet",
            "module.eks.aws_security_group_rule.cluster_https_worker_ingress",
            "module.eks.aws_security_group_rule.cluster_primary_ingress_workers",
            "module.eks.aws_security_group_rule.workers_egress_internet",
            "module.eks.aws_security_group_rule.workers_ingress_cluster",
            "module.eks.aws_security_group_rule.workers_ingress_cluster_https",
            "module.eks.aws_security_group_rule.workers_ingress_cluster_kubelet",
            "module.eks.aws_security_group_rule.workers_ingress_cluster_primary",
            "module.eks.aws_security_group_rule.workers_ingress_self",
            "module.eks.data.aws_ami.eks_worker",
            "module.eks.data.aws_ami.eks_worker_windows",
            "module.eks.data.aws_iam_instance_profile.custom_worker_group_iam_instance_profile",
            "module.eks.data.aws_iam_policy_document.cluster_assume_role_policy",
            "module.eks.data.aws_iam_policy_document.workers_assume_role_policy",
            "module.eks.data.aws_iam_role.custom_cluster_iam_role",
            "module.eks.data.aws_partition.current",
            "module.vpc.aws_subnet.private",
            "module.vpc.aws_vpc.this",
            "module.vpc.aws_vpc_ipv4_cidr_block_association.this",
            "random_string.suffix"
          ],
          "create_before_destroy": true
        }
      ]
    },
    {
      "module": "module.eks",
      "mode": "managed",
      "type": "aws_eks_cluster",
      "name": "this",
      "provider": "provider[\"registry.terraform.io/hashicorp/aws\"]",
      "instances": [
        {
          "index_key": 0,
          "schema_version": 0,
          "attributes": {
            "arn": "arn:aws:eks:eu-west-2:970391478493:cluster/questo-eks-AF7DWDoH",
            "certificate_authority": [
              {
                "data": "LS0tLS1CRUdJTiBDRVJUSUZJQ0FURS0tLS0tCk1JSUM1ekNDQWMrZ0F3SUJBZ0lCQURBTkJna3Foa2lHOXcwQkFRc0ZBREFWTVJNd0VRWURWUVFERXdwcmRXSmwKY201bGRHVnpNQjRYRFRJeE1URXhPVEl6TlRZeE5sb1hEVE14TVRFeE56SXpOVFl4Tmxvd0ZURVRNQkVHQTFVRQpBeE1LYTNWaVpYSnVaWFJsY3pDQ0FTSXdEUVlKS29aSWh2Y05BUUVCQlFBRGdnRVBBRENDQVFvQ2dnRUJBTlk4CkF1Ymp0dWZ2eG82aHgrN0lrMlRHallBYzc0bzQ2N0duNkVrTUF1MEEreXZlelVoSDdJM29OUUd4MWpJOUdvZnYKTkw3MmU2QjhVaHRSY2pBUDAvbTJ1WnFaMFhST3Z2QzlFV3RhY3lSWXpTWlJxM0RPNFJ2bmJYT3pveVdVTXE0NgpZbC81aXZSTUhRQ05kWGxybEJUczdIMDFUN1RQREV1b1pzTUtiaHh3K2t1elc0cTEzV2p2ZzFQR1lwbklqUXBkCjlSM1R2VU0yaVdKNVBEQVVwZVFMM01lSUlCY2VNS2lrSEVQaDFZSWJvcU9OWXdISUVrNksxTk9JODNEN3RaT28KQmVlRkRsL2xSMjdyMGxodVZnMWVWeENNY0wvcnQ4dW0xNEJqdTZ5QTFJTjV0V3JpLzdlUy9TZlIwR2tjWTZWNApHVURWb3dVRG16OWxDRGtSMUdVQ0F3RUFBYU5DTUVBd0RnWURWUjBQQVFIL0JBUURBZ0trTUE4R0ExVWRFd0VCCi93UUZNQU1CQWY4d0hRWURWUjBPQkJZRUZIMFNkUUJQa0JjelJNNVJFNDJPZ0M4bkpzZ3JNQTBHQ1NxR1NJYjMKRFFFQkN3VUFBNElCQVFEVjA1ZVVhVzJ3QnJCUkkxK25rdGRhZmtBOG0zYVJidE5hRGRhYVFRUXpMbHFEN1JrUApnVjNPNTBxZnRMYTR3NWRBSElnS1htQ1ZwVGt6aC9nSVdHS2pZUGV0S0dreUlPZGdHTzJLcDczY08wZ3Z4N09KCm9SZjdYUWRpNERQV1ZGMVAwMTJzakNTRmxHdWUxZHlzdE5sY0ZVRDgrQTFKeWEzLzcwYlh1UmZHLzdWazZsSXUKZWVHRUVrbjFNNEdvVXFoRDl3YWRpdjArcC9sRTVyRHYyNURaWG9zb25LaFZkUlZQZWo5RHVXeXVpTnpYYTc2OApYRlBvYjJmMnRHYnVIVExPUmxkaU45ZmpzVVVpTCt0QkVoSUlOMGsrK053Y21XNkNoZGhvRUFDQmZpMWNoQlhkClIrZXI1c2pUZFNXRkRRQVZ6anhydVhzdkRXWTNLdktZSkRZNwotLS0tLUVORCBDRVJUSUZJQ0FURS0tLS0tCg=="
              }
            ],
            "created_at": "2021-11-19 23:50:44.912 +0000 UTC",
            "enabled_cluster_log_types": null,
            "encryption_config": [],
            "endpoint": "https://38AB1CF623ED161BF0394F63CBA90EDB.gr7.eu-west-2.eks.amazonaws.com",
            "id": "questo-eks-AF7DWDoH",
            "identity": [
              {
                "oidc": [
                  {
                    "issuer": "https://oidc.eks.eu-west-2.amazonaws.com/id/38AB1CF623ED161BF0394F63CBA90EDB"
                  }
                ]
              }
            ],
            "kubernetes_network_config": [
              {
                "service_ipv4_cidr": "172.20.0.0/16"
              }
            ],
            "name": "questo-eks-AF7DWDoH",
            "platform_version": "eks.3",
            "role_arn": "arn:aws:iam::970391478493:role/questo-eks-AF7DWDoH20211119235037194600000002",
            "status": "ACTIVE",
            "tags": {
              "Environment": "dev"
            },
            "tags_all": {
              "Environment": "dev"
            },
            "timeouts": {
              "create": "30m",
              "delete": "15m",
              "update": "60m"
            },
            "version": "1.21",
            "vpc_config": [
              {
                "cluster_security_group_id": "sg-05edfc2dc7391b4f3",
                "endpoint_private_access": false,
                "endpoint_public_access": true,
                "public_access_cidrs": [
                  "0.0.0.0/0"
                ],
                "security_group_ids": [
                  "sg-03b16febf9acf6f27"
                ],
                "subnet_ids": [
                  "subnet-052546a418e672832",
                  "subnet-0653092fb4b5f5373",
                  "subnet-0aa5b6b08e84aaad6"
                ],
                "vpc_id": "vpc-019a202cd2479149c"
              }
            ]
          },
          "sensitive_attributes": [],
          "private": "eyJlMmJmYjczMC1lY2FhLTExZTYtOGY4OC0zNDM2M2JjN2M0YzAiOnsiY3JlYXRlIjoxODAwMDAwMDAwMDAwLCJkZWxldGUiOjkwMDAwMDAwMDAwMCwidXBkYXRlIjozNjAwMDAwMDAwMDAwfX0=",
          "dependencies": [
            "data.aws_availability_zones.available",
            "module.eks.aws_cloudwatch_log_group.this",
            "module.eks.aws_iam_role.cluster",
            "module.eks.aws_iam_role_policy_attachment.cluster_AmazonEKSClusterPolicy",
            "module.eks.aws_iam_role_policy_attachment.cluster_AmazonEKSServicePolicy",
            "module.eks.aws_iam_role_policy_attachment.cluster_AmazonEKSVPCResourceControllerPolicy",
            "module.eks.aws_security_group.cluster",
            "module.eks.aws_security_group.workers",
            "module.eks.aws_security_group_rule.cluster_egress_internet",
            "module.eks.aws_security_group_rule.cluster_https_worker_ingress",
            "module.eks.data.aws_iam_policy_document.cluster_assume_role_policy",
            "module.eks.data.aws_iam_role.custom_cluster_iam_role",
            "module.eks.data.aws_partition.current",
            "module.vpc.aws_subnet.private",
            "module.vpc.aws_vpc.this",
            "module.vpc.aws_vpc_ipv4_cidr_block_association.this",
            "random_string.suffix"
          ],
          "create_before_destroy": true
        }
      ]
    },
    {
      "module": "module.eks",
      "mode": "managed",
      "type": "aws_iam_instance_profile",
      "name": "workers",
      "provider": "provider[\"registry.terraform.io/hashicorp/aws\"]",
      "instances": [
        {
          "index_key": 0,
          "schema_version": 0,
          "attributes": {
            "arn": "arn:aws:iam::970391478493:instance-profile/questo-eks-AF7DWDoH2021112000001511950000000e",
            "create_date": "2021-11-20T00:00:15Z",
            "id": "questo-eks-AF7DWDoH2021112000001511950000000e",
            "name": "questo-eks-AF7DWDoH2021112000001511950000000e",
            "name_prefix": "questo-eks-AF7DWDoH",
            "path": "/",
            "role": "questo-eks-AF7DWDoH2021112000001298240000000c",
            "tags": {
              "Environment": "dev"
            },
            "tags_all": {
              "Environment": "dev"
            },
            "unique_id": "AIPA6D36W4DOWLFD2PRP3"
          },
          "sensitive_attributes": [],
          "private": "bnVsbA==",
          "dependencies": [
            "aws_security_group.worker_group_mgmt_one",
            "aws_security_group.worker_group_mgmt_two",
            "data.aws_availability_zones.available",
            "module.eks.aws_cloudwatch_log_group.this",
            "module.eks.aws_eks_cluster.this",
            "module.eks.aws_iam_role.cluster",
            "module.eks.aws_iam_role.workers",
            "module.eks.aws_iam_role_policy_attachment.cluster_AmazonEKSClusterPolicy",
            "module.eks.aws_iam_role_policy_attachment.cluster_AmazonEKSServicePolicy",
            "module.eks.aws_iam_role_policy_attachment.cluster_AmazonEKSVPCResourceControllerPolicy",
            "module.eks.aws_security_group.cluster",
            "module.eks.aws_security_group.workers",
            "module.eks.aws_security_group_rule.cluster_egress_internet",
            "module.eks.aws_security_group_rule.cluster_https_worker_ingress",
            "module.eks.data.aws_iam_policy_document.cluster_assume_role_policy",
            "module.eks.data.aws_iam_policy_document.workers_assume_role_policy",
            "module.eks.data.aws_iam_role.custom_cluster_iam_role",
            "module.eks.data.aws_partition.current",
            "module.vpc.aws_subnet.private",
            "module.vpc.aws_vpc.this",
            "module.vpc.aws_vpc_ipv4_cidr_block_association.this",
            "random_string.suffix"
          ],
          "create_before_destroy": true
        },
        {
          "index_key": 1,
          "schema_version": 0,
          "attributes": {
            "arn": "arn:aws:iam::970391478493:instance-profile/questo-eks-AF7DWDoH2021112000001511850000000d",
            "create_date": "2021-11-20T00:00:15Z",
            "id": "questo-eks-AF7DWDoH2021112000001511850000000d",
            "name": "questo-eks-AF7DWDoH2021112000001511850000000d",
            "name_prefix": "questo-eks-AF7DWDoH",
            "path": "/",
            "role": "questo-eks-AF7DWDoH2021112000001298240000000c",
            "tags": {
              "Environment": "dev"
            },
            "tags_all": {
              "Environment": "dev"
            },
            "unique_id": "AIPA6D36W4DORDAKV7Q6L"
          },
          "sensitive_attributes": [],
          "private": "bnVsbA==",
          "dependencies": [
            "aws_security_group.worker_group_mgmt_one",
            "aws_security_group.worker_group_mgmt_two",
            "data.aws_availability_zones.available",
            "module.eks.aws_cloudwatch_log_group.this",
            "module.eks.aws_eks_cluster.this",
            "module.eks.aws_iam_role.cluster",
            "module.eks.aws_iam_role.workers",
            "module.eks.aws_iam_role_policy_attachment.cluster_AmazonEKSClusterPolicy",
            "module.eks.aws_iam_role_policy_attachment.cluster_AmazonEKSServicePolicy",
            "module.eks.aws_iam_role_policy_attachment.cluster_AmazonEKSVPCResourceControllerPolicy",
            "module.eks.aws_security_group.cluster",
            "module.eks.aws_security_group.workers",
            "module.eks.aws_security_group_rule.cluster_egress_internet",
            "module.eks.aws_security_group_rule.cluster_https_worker_ingress",
            "module.eks.data.aws_iam_policy_document.cluster_assume_role_policy",
            "module.eks.data.aws_iam_policy_document.workers_assume_role_policy",
            "module.eks.data.aws_iam_role.custom_cluster_iam_role",
            "module.eks.data.aws_partition.current",
            "module.vpc.aws_subnet.private",
            "module.vpc.aws_vpc.this",
            "module.vpc.aws_vpc_ipv4_cidr_block_association.this",
            "random_string.suffix"
          ],
          "create_before_destroy": true
        }
      ]
    },
    {
      "module": "module.eks",
      "mode": "managed",
      "type": "aws_iam_policy",
      "name": "cluster_elb_sl_role_creation",
      "provider": "provider[\"registry.terraform.io/hashicorp/aws\"]",
      "instances": [
        {
          "index_key": 0,
          "schema_version": 0,
          "attributes": {
            "arn": "arn:aws:iam::970391478493:policy/questo-eks-AF7DWDoH-elb-sl-role-creation20211119235037189100000001",
            "description": "Permissions for EKS to create AWSServiceRoleForElasticLoadBalancing service-linked role",
            "id": "arn:aws:iam::970391478493:policy/questo-eks-AF7DWDoH-elb-sl-role-creation20211119235037189100000001",
            "name": "questo-eks-AF7DWDoH-elb-sl-role-creation20211119235037189100000001",
            "name_prefix": "questo-eks-AF7DWDoH-elb-sl-role-creation",
            "path": "/",
            "policy": "{\n  \"Version\": \"2012-10-17\",\n  \"Statement\": [\n    {\n      \"Sid\": \"\",\n      \"Effect\": \"Allow\",\n      \"Action\": [\n        \"ec2:DescribeInternetGateways\",\n        \"ec2:DescribeAddresses\",\n        \"ec2:DescribeAccountAttributes\"\n      ],\n      \"Resource\": \"*\"\n    }\n  ]\n}",
            "policy_id": "ANPA6D36W4DOQ3WMXSO44",
            "tags": {
              "Environment": "dev"
            },
            "tags_all": {
              "Environment": "dev"
            }
          },
          "sensitive_attributes": [],
          "private": "bnVsbA==",
          "dependencies": [
            "module.eks.data.aws_iam_policy_document.cluster_elb_sl_role_creation",
            "random_string.suffix"
          ]
        }
      ]
    },
    {
      "module": "module.eks",
      "mode": "managed",
      "type": "aws_iam_role",
      "name": "cluster",
      "provider": "provider[\"registry.terraform.io/hashicorp/aws\"]",
      "instances": [
        {
          "index_key": 0,
          "schema_version": 0,
          "attributes": {
            "arn": "arn:aws:iam::970391478493:role/questo-eks-AF7DWDoH20211119235037194600000002",
            "assume_role_policy": "{\"Version\":\"2012-10-17\",\"Statement\":[{\"Sid\":\"EKSClusterAssumeRole\",\"Effect\":\"Allow\",\"Principal\":{\"Service\":\"eks.amazonaws.com\"},\"Action\":\"sts:AssumeRole\"}]}",
            "create_date": "2021-11-19T23:50:37Z",
            "description": "",
            "force_detach_policies": true,
            "id": "questo-eks-AF7DWDoH20211119235037194600000002",
            "inline_policy": [
              {
                "name": "",
                "policy": ""
              }
            ],
            "managed_policy_arns": [],
            "max_session_duration": 3600,
            "name": "questo-eks-AF7DWDoH20211119235037194600000002",
            "name_prefix": "questo-eks-AF7DWDoH",
            "path": "/",
            "permissions_boundary": null,
            "tags": {
              "Environment": "dev"
            },
            "tags_all": {
              "Environment": "dev"
            },
            "unique_id": "AROA6D36W4DO4QHSG5T2N"
          },
          "sensitive_attributes": [],
          "private": "bnVsbA==",
          "dependencies": [
            "module.eks.data.aws_iam_policy_document.cluster_assume_role_policy",
            "random_string.suffix"
          ],
          "create_before_destroy": true
        }
      ]
    },
    {
      "module": "module.eks",
      "mode": "managed",
      "type": "aws_iam_role",
      "name": "workers",
      "provider": "provider[\"registry.terraform.io/hashicorp/aws\"]",
      "instances": [
        {
          "index_key": 0,
          "schema_version": 0,
          "attributes": {
            "arn": "arn:aws:iam::970391478493:role/questo-eks-AF7DWDoH2021112000001298240000000c",
            "assume_role_policy": "{\"Version\":\"2012-10-17\",\"Statement\":[{\"Sid\":\"EKSWorkerAssumeRole\",\"Effect\":\"Allow\",\"Principal\":{\"Service\":\"ec2.amazonaws.com\"},\"Action\":\"sts:AssumeRole\"}]}",
            "create_date": "2021-11-20T00:00:13Z",
            "description": "",
            "force_detach_policies": true,
            "id": "questo-eks-AF7DWDoH2021112000001298240000000c",
            "inline_policy": [
              {
                "name": "",
                "policy": ""
              }
            ],
            "managed_policy_arns": [],
            "max_session_duration": 3600,
            "name": "questo-eks-AF7DWDoH2021112000001298240000000c",
            "name_prefix": "questo-eks-AF7DWDoH",
            "path": "/",
            "permissions_boundary": null,
            "tags": {
              "Environment": "dev"
            },
            "tags_all": {
              "Environment": "dev"
            },
            "unique_id": "AROA6D36W4DO5YYJHQTME"
          },
          "sensitive_attributes": [],
          "private": "bnVsbA==",
          "dependencies": [
            "data.aws_availability_zones.available",
            "module.eks.aws_cloudwatch_log_group.this",
            "module.eks.aws_eks_cluster.this",
            "module.eks.aws_iam_role.cluster",
            "module.eks.aws_iam_role_policy_attachment.cluster_AmazonEKSClusterPolicy",
            "module.eks.aws_iam_role_policy_attachment.cluster_AmazonEKSServicePolicy",
            "module.eks.aws_iam_role_policy_attachment.cluster_AmazonEKSVPCResourceControllerPolicy",
            "module.eks.aws_security_group.cluster",
            "module.eks.aws_security_group.workers",
            "module.eks.aws_security_group_rule.cluster_egress_internet",
            "module.eks.aws_security_group_rule.cluster_https_worker_ingress",
            "module.eks.data.aws_iam_policy_document.cluster_assume_role_policy",
            "module.eks.data.aws_iam_policy_document.workers_assume_role_policy",
            "module.eks.data.aws_iam_role.custom_cluster_iam_role",
            "module.eks.data.aws_partition.current",
            "module.vpc.aws_subnet.private",
            "module.vpc.aws_vpc.this",
            "module.vpc.aws_vpc_ipv4_cidr_block_association.this",
            "random_string.suffix"
          ],
          "create_before_destroy": true
        }
      ]
    },
    {
      "module": "module.eks",
      "mode": "managed",
      "type": "aws_iam_role_policy_attachment",
      "name": "cluster_AmazonEKSClusterPolicy",
      "provider": "provider[\"registry.terraform.io/hashicorp/aws\"]",
      "instances": [
        {
          "index_key": 0,
          "schema_version": 0,
          "attributes": {
            "id": "questo-eks-AF7DWDoH20211119235037194600000002-2021111923504164710000000a",
            "policy_arn": "arn:aws:iam::aws:policy/AmazonEKSClusterPolicy",
            "role": "questo-eks-AF7DWDoH20211119235037194600000002"
          },
          "sensitive_attributes": [],
          "private": "bnVsbA==",
          "dependencies": [
            "module.eks.aws_iam_role.cluster",
            "module.eks.data.aws_iam_policy_document.cluster_assume_role_policy",
            "module.eks.data.aws_partition.current",
            "random_string.suffix"
          ],
          "create_before_destroy": true
        }
      ]
    },
    {
      "module": "module.eks",
      "mode": "managed",
      "type": "aws_iam_role_policy_attachment",
      "name": "cluster_AmazonEKSServicePolicy",
      "provider": "provider[\"registry.terraform.io/hashicorp/aws\"]",
      "instances": [
        {
          "index_key": 0,
          "schema_version": 0,
          "attributes": {
            "id": "questo-eks-AF7DWDoH20211119235037194600000002-2021111923504170480000000b",
            "policy_arn": "arn:aws:iam::aws:policy/AmazonEKSServicePolicy",
            "role": "questo-eks-AF7DWDoH20211119235037194600000002"
          },
          "sensitive_attributes": [],
          "private": "bnVsbA==",
          "dependencies": [
            "module.eks.aws_iam_role.cluster",
            "module.eks.data.aws_iam_policy_document.cluster_assume_role_policy",
            "module.eks.data.aws_partition.current",
            "random_string.suffix"
          ],
          "create_before_destroy": true
        }
      ]
    },
    {
      "module": "module.eks",
      "mode": "managed",
      "type": "aws_iam_role_policy_attachment",
      "name": "cluster_AmazonEKSVPCResourceControllerPolicy",
      "provider": "provider[\"registry.terraform.io/hashicorp/aws\"]",
      "instances": [
        {
          "index_key": 0,
          "schema_version": 0,
          "attributes": {
            "id": "questo-eks-AF7DWDoH20211119235037194600000002-20211119235041438300000008",
            "policy_arn": "arn:aws:iam::aws:policy/AmazonEKSVPCResourceController",
            "role": "questo-eks-AF7DWDoH20211119235037194600000002"
          },
          "sensitive_attributes": [],
          "private": "bnVsbA==",
          "dependencies": [
            "module.eks.aws_iam_role.cluster",
            "module.eks.data.aws_iam_policy_document.cluster_assume_role_policy",
            "module.eks.data.aws_partition.current",
            "random_string.suffix"
          ],
          "create_before_destroy": true
        }
      ]
    },
    {
      "module": "module.eks",
      "mode": "managed",
      "type": "aws_iam_role_policy_attachment",
      "name": "cluster_elb_sl_role_creation",
      "provider": "provider[\"registry.terraform.io/hashicorp/aws\"]",
      "instances": [
        {
          "index_key": 0,
          "schema_version": 0,
          "attributes": {
            "id": "questo-eks-AF7DWDoH20211119235037194600000002-20211119235041583400000009",
            "policy_arn": "arn:aws:iam::970391478493:policy/questo-eks-AF7DWDoH-elb-sl-role-creation20211119235037189100000001",
            "role": "questo-eks-AF7DWDoH20211119235037194600000002"
          },
          "sensitive_attributes": [],
          "private": "bnVsbA==",
          "dependencies": [
            "module.eks.aws_iam_policy.cluster_elb_sl_role_creation",
            "module.eks.aws_iam_role.cluster",
            "module.eks.data.aws_iam_policy_document.cluster_assume_role_policy",
            "module.eks.data.aws_iam_policy_document.cluster_elb_sl_role_creation",
            "random_string.suffix"
          ]
        }
      ]
    },
    {
      "module": "module.eks",
      "mode": "managed",
      "type": "aws_iam_role_policy_attachment",
      "name": "workers_AmazonEC2ContainerRegistryReadOnly",
      "provider": "provider[\"registry.terraform.io/hashicorp/aws\"]",
      "instances": [
        {
          "index_key": 0,
          "schema_version": 0,
          "attributes": {
            "id": "questo-eks-AF7DWDoH2021112000001298240000000c-2021112000001560670000000f",
            "policy_arn": "arn:aws:iam::aws:policy/AmazonEC2ContainerRegistryReadOnly",
            "role": "questo-eks-AF7DWDoH2021112000001298240000000c"
          },
          "sensitive_attributes": [],
          "private": "bnVsbA==",
          "dependencies": [
            "data.aws_availability_zones.available",
            "module.eks.aws_cloudwatch_log_group.this",
            "module.eks.aws_eks_cluster.this",
            "module.eks.aws_iam_role.cluster",
            "module.eks.aws_iam_role.workers",
            "module.eks.aws_iam_role_policy_attachment.cluster_AmazonEKSClusterPolicy",
            "module.eks.aws_iam_role_policy_attachment.cluster_AmazonEKSServicePolicy",
            "module.eks.aws_iam_role_policy_attachment.cluster_AmazonEKSVPCResourceControllerPolicy",
            "module.eks.aws_security_group.cluster",
            "module.eks.aws_security_group.workers",
            "module.eks.aws_security_group_rule.cluster_egress_internet",
            "module.eks.aws_security_group_rule.cluster_https_worker_ingress",
            "module.eks.data.aws_iam_policy_document.cluster_assume_role_policy",
            "module.eks.data.aws_iam_policy_document.workers_assume_role_policy",
            "module.eks.data.aws_iam_role.custom_cluster_iam_role",
            "module.eks.data.aws_partition.current",
            "module.vpc.aws_subnet.private",
            "module.vpc.aws_vpc.this",
            "module.vpc.aws_vpc_ipv4_cidr_block_association.this",
            "random_string.suffix"
          ],
          "create_before_destroy": true
        }
      ]
    },
    {
      "module": "module.eks",
      "mode": "managed",
      "type": "aws_iam_role_policy_attachment",
      "name": "workers_AmazonEKSWorkerNodePolicy",
      "provider": "provider[\"registry.terraform.io/hashicorp/aws\"]",
      "instances": [
        {
          "index_key": 0,
          "schema_version": 0,
          "attributes": {
            "id": "questo-eks-AF7DWDoH2021112000001298240000000c-20211120000015609000000010",
            "policy_arn": "arn:aws:iam::aws:policy/AmazonEKSWorkerNodePolicy",
            "role": "questo-eks-AF7DWDoH2021112000001298240000000c"
          },
          "sensitive_attributes": [],
          "private": "bnVsbA==",
          "dependencies": [
            "data.aws_availability_zones.available",
            "module.eks.aws_cloudwatch_log_group.this",
            "module.eks.aws_eks_cluster.this",
            "module.eks.aws_iam_role.cluster",
            "module.eks.aws_iam_role.workers",
            "module.eks.aws_iam_role_policy_attachment.cluster_AmazonEKSClusterPolicy",
            "module.eks.aws_iam_role_policy_attachment.cluster_AmazonEKSServicePolicy",
            "module.eks.aws_iam_role_policy_attachment.cluster_AmazonEKSVPCResourceControllerPolicy",
            "module.eks.aws_security_group.cluster",
            "module.eks.aws_security_group.workers",
            "module.eks.aws_security_group_rule.cluster_egress_internet",
            "module.eks.aws_security_group_rule.cluster_https_worker_ingress",
            "module.eks.data.aws_iam_policy_document.cluster_assume_role_policy",
            "module.eks.data.aws_iam_policy_document.workers_assume_role_policy",
            "module.eks.data.aws_iam_role.custom_cluster_iam_role",
            "module.eks.data.aws_partition.current",
            "module.vpc.aws_subnet.private",
            "module.vpc.aws_vpc.this",
            "module.vpc.aws_vpc_ipv4_cidr_block_association.this",
            "random_string.suffix"
          ],
          "create_before_destroy": true
        }
      ]
    },
    {
      "module": "module.eks",
      "mode": "managed",
      "type": "aws_iam_role_policy_attachment",
      "name": "workers_AmazonEKS_CNI_Policy",
      "provider": "provider[\"registry.terraform.io/hashicorp/aws\"]",
      "instances": [
        {
          "index_key": 0,
          "schema_version": 0,
          "attributes": {
            "id": "questo-eks-AF7DWDoH2021112000001298240000000c-20211120000015610700000011",
            "policy_arn": "arn:aws:iam::aws:policy/AmazonEKS_CNI_Policy",
            "role": "questo-eks-AF7DWDoH2021112000001298240000000c"
          },
          "sensitive_attributes": [],
          "private": "bnVsbA==",
          "dependencies": [
            "data.aws_availability_zones.available",
            "module.eks.aws_cloudwatch_log_group.this",
            "module.eks.aws_eks_cluster.this",
            "module.eks.aws_iam_role.cluster",
            "module.eks.aws_iam_role.workers",
            "module.eks.aws_iam_role_policy_attachment.cluster_AmazonEKSClusterPolicy",
            "module.eks.aws_iam_role_policy_attachment.cluster_AmazonEKSServicePolicy",
            "module.eks.aws_iam_role_policy_attachment.cluster_AmazonEKSVPCResourceControllerPolicy",
            "module.eks.aws_security_group.cluster",
            "module.eks.aws_security_group.workers",
            "module.eks.aws_security_group_rule.cluster_egress_internet",
            "module.eks.aws_security_group_rule.cluster_https_worker_ingress",
            "module.eks.data.aws_iam_policy_document.cluster_assume_role_policy",
            "module.eks.data.aws_iam_policy_document.workers_assume_role_policy",
            "module.eks.data.aws_iam_role.custom_cluster_iam_role",
            "module.eks.data.aws_partition.current",
            "module.vpc.aws_subnet.private",
            "module.vpc.aws_vpc.this",
            "module.vpc.aws_vpc_ipv4_cidr_block_association.this",
            "random_string.suffix"
          ],
          "create_before_destroy": true
        }
      ]
    },
    {
      "module": "module.eks",
      "mode": "managed",
      "type": "aws_launch_configuration",
      "name": "workers",
      "provider": "provider[\"registry.terraform.io/hashicorp/aws\"]",
      "instances": [
        {
          "index_key": 0,
          "schema_version": 0,
          "attributes": {
            "arn": "arn:aws:autoscaling:eu-west-2:970391478493:launchConfiguration:238b7f35-bd69-4a0c-8681-5b2f66945b1c:launchConfigurationName/questo-eks-AF7DWDoH-worker-group-120211120000017087500000013",
            "associate_public_ip_address": false,
            "ebs_block_device": [],
            "ebs_optimized": false,
            "enable_monitoring": true,
            "ephemeral_block_device": [],
            "iam_instance_profile": "questo-eks-AF7DWDoH2021112000001511950000000e",
            "id": "questo-eks-AF7DWDoH-worker-group-120211120000017087500000013",
            "image_id": "ami-067c050dd52776d63",
            "instance_type": "t2.small",
            "key_name": "",
            "metadata_options": [
              {
                "http_endpoint": "enabled",
                "http_put_response_hop_limit": 1,
                "http_tokens": "optional"
              }
            ],
            "name": "questo-eks-AF7DWDoH-worker-group-120211120000017087500000013",
            "name_prefix": "questo-eks-AF7DWDoH-worker-group-1",
            "placement_tenancy": "",
            "root_block_device": [
              {
                "delete_on_termination": true,
                "encrypted": false,
                "iops": 0,
                "throughput": 0,
                "volume_size": 100,
                "volume_type": "gp2"
              }
            ],
            "security_groups": [
              "sg-0a2f34e9aeea775ec",
              "sg-0e82e29c72a04ed67"
            ],
            "spot_price": "",
            "user_data": null,
            "user_data_base64": "IyEvYmluL2Jhc2ggLWUKCiMgQWxsb3cgdXNlciBzdXBwbGllZCBwcmUgdXNlcmRhdGEgY29kZQoKCiMgQm9vdHN0cmFwIGFuZCBqb2luIHRoZSBjbHVzdGVyCi9ldGMvZWtzL2Jvb3RzdHJhcC5zaCAtLWI2NC1jbHVzdGVyLWNhICdMUzB0TFMxQ1JVZEpUaUJEUlZKVVNVWkpRMEZVUlMwdExTMHRDazFKU1VNMWVrTkRRV01yWjBGM1NVSkJaMGxDUVVSQlRrSm5hM0ZvYTJsSE9YY3dRa0ZSYzBaQlJFRldUVkpOZDBWUldVUldVVkZFUlhkd2NtUlhTbXdLWTIwMWJHUkhWbnBOUWpSWVJGUkplRTFVUlhoUFZFbDZUbFJaZUU1c2IxaEVWRTE0VFZSRmVFNTZTWHBPVkZsNFRteHZkMFpVUlZSTlFrVkhRVEZWUlFwQmVFMUxZVE5XYVZwWVNuVmFXRkpzWTNwRFEwRlRTWGRFVVZsS1MyOWFTV2gyWTA1QlVVVkNRbEZCUkdkblJWQkJSRU5EUVZGdlEyZG5SVUpCVGxrNENrRjFZbXAwZFdaMmVHODJhSGdyTjBsck1sUkhhbGxCWXpjMGJ6UTJOMGR1TmtWclRVRjFNRUVyZVhabGVsVm9TRGRKTTI5T1VVZDRNV3BKT1VkdlpuWUtUa3czTW1VMlFqaFZhSFJTWTJwQlVEQXZiVEoxV25GYU1GaFNUM1oyUXpsRlYzUmhZM2xTV1hwVFdsSnhNMFJQTkZKMmJtSllUM3B2ZVZkVlRYRTBOZ3BaYkM4MWFYWlNUVWhSUTA1a1dHeHliRUpVY3pkSU1ERlVOMVJRUkVWMWIxcHpUVXRpYUhoM0sydDFlbGMwY1RFelYycDJaekZRUjFsd2JrbHFVWEJrQ2psU00xUjJWVTB5YVZkS05WQkVRVlZ3WlZGTU0wMWxTVWxDWTJWTlMybHJTRVZRYURGWlNXSnZjVTlPV1hkSVNVVnJOa3N4VGs5Sk9ETkVOM1JhVDI4S1FtVmxSa1JzTDJ4U01qZHlNR3hvZFZabk1XVldlRU5OWTB3dmNuUTRkVzB4TkVKcWRUWjVRVEZKVGpWMFYzSnBMemRsVXk5VFpsSXdSMnRqV1RaV05BcEhWVVJXYjNkVlJHMTZPV3hEUkd0U01VZFZRMEYzUlVGQllVNURUVVZCZDBSbldVUldVakJRUVZGSUwwSkJVVVJCWjB0clRVRTRSMEV4VldSRmQwVkNDaTkzVVVaTlFVMUNRV1k0ZDBoUldVUldVakJQUWtKWlJVWklNRk5rVVVKUWEwSmplbEpOTlZKRk5ESlBaME00YmtwelozSk5RVEJIUTFOeFIxTkpZak1LUkZGRlFrTjNWVUZCTkVsQ1FWRkVWakExWlZWaFZ6SjNRbkpDVWtreEsyNXJkR1JoWm10Qk9HMHpZVkppZEU1aFJHUmhZVkZSVVhwTWJIRkVOMUpyVUFwblZqTlBOVEJ4Wm5STVlUUjNOV1JCU0VsblMxaHRRMVp3Vkd0NmFDOW5TVmRIUzJwWlVHVjBTMGRyZVVsUFpHZEhUekpMY0RjelkwOHdaM1o0TjA5S0NtOVNaamRZVVdScE5FUlFWMVpHTVZBd01USnpha05UUm14SGRXVXhaSGx6ZEU1c1kwWlZSRGdyUVRGS2VXRXpMemN3WWxoMVVtWkhMemRXYXpac1NYVUtaV1ZIUlVWcmJqRk5ORWR2VlhGb1JEbDNZV1JwZGpBcmNDOXNSVFZ5UkhZeU5VUmFXRzl6YjI1TGFGWmtVbFpRWldvNVJIVlhlWFZwVG5wWVlUYzJPQXBZUmxCdllqSm1NblJIWW5WSVZFeFBVbXhrYVU0NVptcHpWVlZwVEN0MFFrVm9TVWxPTUdzckswNTNZMjFYTmtOb1pHaHZSVUZEUW1acE1XTm9RbGhrQ2xJclpYSTFjMnBVWkZOWFJrUlJRVlo2YW5oeWRWaHpka1JYV1ROTGRrdFpTa1JaTndvdExTMHRMVVZPUkNCRFJWSlVTVVpKUTBGVVJTMHRMUzB0Q2c9PScgLS1hcGlzZXJ2ZXItZW5kcG9pbnQgJ2h0dHBzOi8vMzhBQjFDRjYyM0VEMTYxQkYwMzk0RjYzQ0JBOTBFREIuZ3I3LmV1LXdlc3QtMi5la3MuYW1hem9uYXdzLmNvbScgIC0ta3ViZWxldC1leHRyYS1hcmdzICIiICdxdWVzdG8tZWtzLUFGN0RXRG9IJwoKIyBBbGxvdyB1c2VyIHN1cHBsaWVkIHVzZXJkYXRhIGNvZGUKZWNobyBmb28gd29ya2VyMQo=",
            "vpc_classic_link_id": "",
            "vpc_classic_link_security_groups": null
          },
          "sensitive_attributes": [],
          "private": "bnVsbA==",
          "dependencies": [
            "aws_security_group.worker_group_mgmt_one",
            "aws_security_group.worker_group_mgmt_two",
            "data.aws_availability_zones.available",
            "module.eks.aws_cloudwatch_log_group.this",
            "module.eks.aws_eks_cluster.this",
            "module.eks.aws_iam_instance_profile.workers",
            "module.eks.aws_iam_role.cluster",
            "module.eks.aws_iam_role.workers",
            "module.eks.aws_iam_role_policy_attachment.cluster_AmazonEKSClusterPolicy",
            "module.eks.aws_iam_role_policy_attachment.cluster_AmazonEKSServicePolicy",
            "module.eks.aws_iam_role_policy_attachment.cluster_AmazonEKSVPCResourceControllerPolicy",
            "module.eks.aws_iam_role_policy_attachment.workers_AmazonEC2ContainerRegistryReadOnly",
            "module.eks.aws_iam_role_policy_attachment.workers_AmazonEKSWorkerNodePolicy",
            "module.eks.aws_iam_role_policy_attachment.workers_AmazonEKS_CNI_Policy",
            "module.eks.aws_iam_role_policy_attachment.workers_additional_policies",
            "module.eks.aws_security_group.cluster",
            "module.eks.aws_security_group.workers",
            "module.eks.aws_security_group_rule.cluster_egress_internet",
            "module.eks.aws_security_group_rule.cluster_https_worker_ingress",
            "module.eks.aws_security_group_rule.cluster_primary_ingress_workers",
            "module.eks.aws_security_group_rule.workers_egress_internet",
            "module.eks.aws_security_group_rule.workers_ingress_cluster",
            "module.eks.aws_security_group_rule.workers_ingress_cluster_https",
            "module.eks.aws_security_group_rule.workers_ingress_cluster_kubelet",
            "module.eks.aws_security_group_rule.workers_ingress_cluster_primary",
            "module.eks.aws_security_group_rule.workers_ingress_self",
            "module.eks.data.aws_ami.eks_worker",
            "module.eks.data.aws_ami.eks_worker_windows",
            "module.eks.data.aws_iam_instance_profile.custom_worker_group_iam_instance_profile",
            "module.eks.data.aws_iam_policy_document.cluster_assume_role_policy",
            "module.eks.data.aws_iam_policy_document.workers_assume_role_policy",
            "module.eks.data.aws_iam_role.custom_cluster_iam_role",
            "module.eks.data.aws_partition.current",
            "module.vpc.aws_subnet.private",
            "module.vpc.aws_vpc.this",
            "module.vpc.aws_vpc_ipv4_cidr_block_association.this",
            "random_string.suffix"
          ],
          "create_before_destroy": true
        },
        {
          "index_key": 1,
          "schema_version": 0,
          "attributes": {
            "arn": "arn:aws:autoscaling:eu-west-2:970391478493:launchConfiguration:3b63d7e9-7d1e-428b-8b7e-2d93242610f7:launchConfigurationName/questo-eks-AF7DWDoH-worker-group-220211120000017086200000012",
            "associate_public_ip_address": false,
            "ebs_block_device": [],
            "ebs_optimized": false,
            "enable_monitoring": true,
            "ephemeral_block_device": [],
            "iam_instance_profile": "questo-eks-AF7DWDoH2021112000001511850000000d",
            "id": "questo-eks-AF7DWDoH-worker-group-220211120000017086200000012",
            "image_id": "ami-067c050dd52776d63",
            "instance_type": "t2.small",
            "key_name": "",
            "metadata_options": [
              {
                "http_endpoint": "enabled",
                "http_put_response_hop_limit": 1,
                "http_tokens": "optional"
              }
            ],
            "name": "questo-eks-AF7DWDoH-worker-group-220211120000017086200000012",
            "name_prefix": "questo-eks-AF7DWDoH-worker-group-2",
            "placement_tenancy": "",
            "root_block_device": [
              {
                "delete_on_termination": true,
                "encrypted": false,
                "iops": 0,
                "throughput": 0,
                "volume_size": 100,
                "volume_type": "gp2"
              }
            ],
            "security_groups": [
              "sg-0cdfa8cdfac6e97ce",
              "sg-0e82e29c72a04ed67"
            ],
            "spot_price": "",
            "user_data": null,
            "user_data_base64": "IyEvYmluL2Jhc2ggLWUKCiMgQWxsb3cgdXNlciBzdXBwbGllZCBwcmUgdXNlcmRhdGEgY29kZQoKCiMgQm9vdHN0cmFwIGFuZCBqb2luIHRoZSBjbHVzdGVyCi9ldGMvZWtzL2Jvb3RzdHJhcC5zaCAtLWI2NC1jbHVzdGVyLWNhICdMUzB0TFMxQ1JVZEpUaUJEUlZKVVNVWkpRMEZVUlMwdExTMHRDazFKU1VNMWVrTkRRV01yWjBGM1NVSkJaMGxDUVVSQlRrSm5hM0ZvYTJsSE9YY3dRa0ZSYzBaQlJFRldUVkpOZDBWUldVUldVVkZFUlhkd2NtUlhTbXdLWTIwMWJHUkhWbnBOUWpSWVJGUkplRTFVUlhoUFZFbDZUbFJaZUU1c2IxaEVWRTE0VFZSRmVFNTZTWHBPVkZsNFRteHZkMFpVUlZSTlFrVkhRVEZWUlFwQmVFMUxZVE5XYVZwWVNuVmFXRkpzWTNwRFEwRlRTWGRFVVZsS1MyOWFTV2gyWTA1QlVVVkNRbEZCUkdkblJWQkJSRU5EUVZGdlEyZG5SVUpCVGxrNENrRjFZbXAwZFdaMmVHODJhSGdyTjBsck1sUkhhbGxCWXpjMGJ6UTJOMGR1TmtWclRVRjFNRUVyZVhabGVsVm9TRGRKTTI5T1VVZDRNV3BKT1VkdlpuWUtUa3czTW1VMlFqaFZhSFJTWTJwQlVEQXZiVEoxV25GYU1GaFNUM1oyUXpsRlYzUmhZM2xTV1hwVFdsSnhNMFJQTkZKMmJtSllUM3B2ZVZkVlRYRTBOZ3BaYkM4MWFYWlNUVWhSUTA1a1dHeHliRUpVY3pkSU1ERlVOMVJRUkVWMWIxcHpUVXRpYUhoM0sydDFlbGMwY1RFelYycDJaekZRUjFsd2JrbHFVWEJrQ2psU00xUjJWVTB5YVZkS05WQkVRVlZ3WlZGTU0wMWxTVWxDWTJWTlMybHJTRVZRYURGWlNXSnZjVTlPV1hkSVNVVnJOa3N4VGs5Sk9ETkVOM1JhVDI4S1FtVmxSa1JzTDJ4U01qZHlNR3hvZFZabk1XVldlRU5OWTB3dmNuUTRkVzB4TkVKcWRUWjVRVEZKVGpWMFYzSnBMemRsVXk5VFpsSXdSMnRqV1RaV05BcEhWVVJXYjNkVlJHMTZPV3hEUkd0U01VZFZRMEYzUlVGQllVNURUVVZCZDBSbldVUldVakJRUVZGSUwwSkJVVVJCWjB0clRVRTRSMEV4VldSRmQwVkNDaTkzVVVaTlFVMUNRV1k0ZDBoUldVUldVakJQUWtKWlJVWklNRk5rVVVKUWEwSmplbEpOTlZKRk5ESlBaME00YmtwelozSk5RVEJIUTFOeFIxTkpZak1LUkZGRlFrTjNWVUZCTkVsQ1FWRkVWakExWlZWaFZ6SjNRbkpDVWtreEsyNXJkR1JoWm10Qk9HMHpZVkppZEU1aFJHUmhZVkZSVVhwTWJIRkVOMUpyVUFwblZqTlBOVEJ4Wm5STVlUUjNOV1JCU0VsblMxaHRRMVp3Vkd0NmFDOW5TVmRIUzJwWlVHVjBTMGRyZVVsUFpHZEhUekpMY0RjelkwOHdaM1o0TjA5S0NtOVNaamRZVVdScE5FUlFWMVpHTVZBd01USnpha05UUm14SGRXVXhaSGx6ZEU1c1kwWlZSRGdyUVRGS2VXRXpMemN3WWxoMVVtWkhMemRXYXpac1NYVUtaV1ZIUlVWcmJqRk5ORWR2VlhGb1JEbDNZV1JwZGpBcmNDOXNSVFZ5UkhZeU5VUmFXRzl6YjI1TGFGWmtVbFpRWldvNVJIVlhlWFZwVG5wWVlUYzJPQXBZUmxCdllqSm1NblJIWW5WSVZFeFBVbXhrYVU0NVptcHpWVlZwVEN0MFFrVm9TVWxPTUdzckswNTNZMjFYTmtOb1pHaHZSVUZEUW1acE1XTm9RbGhrQ2xJclpYSTFjMnBVWkZOWFJrUlJRVlo2YW5oeWRWaHpka1JYV1ROTGRrdFpTa1JaTndvdExTMHRMVVZPUkNCRFJWSlVTVVpKUTBGVVJTMHRMUzB0Q2c9PScgLS1hcGlzZXJ2ZXItZW5kcG9pbnQgJ2h0dHBzOi8vMzhBQjFDRjYyM0VEMTYxQkYwMzk0RjYzQ0JBOTBFREIuZ3I3LmV1LXdlc3QtMi5la3MuYW1hem9uYXdzLmNvbScgIC0ta3ViZWxldC1leHRyYS1hcmdzICIiICdxdWVzdG8tZWtzLUFGN0RXRG9IJwoKIyBBbGxvdyB1c2VyIHN1cHBsaWVkIHVzZXJkYXRhIGNvZGUKZWNobyBmb28gd29ya2VyMgo=",
            "vpc_classic_link_id": "",
            "vpc_classic_link_security_groups": null
          },
          "sensitive_attributes": [],
          "private": "bnVsbA==",
          "dependencies": [
            "aws_security_group.worker_group_mgmt_one",
            "aws_security_group.worker_group_mgmt_two",
            "data.aws_availability_zones.available",
            "module.eks.aws_cloudwatch_log_group.this",
            "module.eks.aws_eks_cluster.this",
            "module.eks.aws_iam_instance_profile.workers",
            "module.eks.aws_iam_role.cluster",
            "module.eks.aws_iam_role.workers",
            "module.eks.aws_iam_role_policy_attachment.cluster_AmazonEKSClusterPolicy",
            "module.eks.aws_iam_role_policy_attachment.cluster_AmazonEKSServicePolicy",
            "module.eks.aws_iam_role_policy_attachment.cluster_AmazonEKSVPCResourceControllerPolicy",
            "module.eks.aws_iam_role_policy_attachment.workers_AmazonEC2ContainerRegistryReadOnly",
            "module.eks.aws_iam_role_policy_attachment.workers_AmazonEKSWorkerNodePolicy",
            "module.eks.aws_iam_role_policy_attachment.workers_AmazonEKS_CNI_Policy",
            "module.eks.aws_iam_role_policy_attachment.workers_additional_policies",
            "module.eks.aws_security_group.cluster",
            "module.eks.aws_security_group.workers",
            "module.eks.aws_security_group_rule.cluster_egress_internet",
            "module.eks.aws_security_group_rule.cluster_https_worker_ingress",
            "module.eks.aws_security_group_rule.cluster_primary_ingress_workers",
            "module.eks.aws_security_group_rule.workers_egress_internet",
            "module.eks.aws_security_group_rule.workers_ingress_cluster",
            "module.eks.aws_security_group_rule.workers_ingress_cluster_https",
            "module.eks.aws_security_group_rule.workers_ingress_cluster_kubelet",
            "module.eks.aws_security_group_rule.workers_ingress_cluster_primary",
            "module.eks.aws_security_group_rule.workers_ingress_self",
            "module.eks.data.aws_ami.eks_worker",
            "module.eks.data.aws_ami.eks_worker_windows",
            "module.eks.data.aws_iam_instance_profile.custom_worker_group_iam_instance_profile",
            "module.eks.data.aws_iam_policy_document.cluster_assume_role_policy",
            "module.eks.data.aws_iam_policy_document.workers_assume_role_policy",
            "module.eks.data.aws_iam_role.custom_cluster_iam_role",
            "module.eks.data.aws_partition.current",
            "module.vpc.aws_subnet.private",
            "module.vpc.aws_vpc.this",
            "module.vpc.aws_vpc_ipv4_cidr_block_association.this",
            "random_string.suffix"
          ],
          "create_before_destroy": true
        }
      ]
    },
    {
      "module": "module.eks",
      "mode": "managed",
      "type": "aws_security_group",
      "name": "cluster",
      "provider": "provider[\"registry.terraform.io/hashicorp/aws\"]",
      "instances": [
        {
          "index_key": 0,
          "schema_version": 1,
          "attributes": {
            "arn": "arn:aws:ec2:eu-west-2:970391478493:security-group/sg-03b16febf9acf6f27",
            "description": "EKS cluster security group.",
            "egress": [],
            "id": "sg-03b16febf9acf6f27",
            "ingress": [],
            "name": "questo-eks-AF7DWDoH20211119235040274100000006",
            "name_prefix": "questo-eks-AF7DWDoH",
            "owner_id": "970391478493",
            "revoke_rules_on_delete": false,
            "tags": {
              "Environment": "dev",
              "Name": "questo-eks-AF7DWDoH-eks_cluster_sg"
            },
            "tags_all": {
              "Environment": "dev",
              "Name": "questo-eks-AF7DWDoH-eks_cluster_sg"
            },
            "timeouts": null,
            "vpc_id": "vpc-019a202cd2479149c"
          },
          "sensitive_attributes": [],
          "private": "eyJlMmJmYjczMC1lY2FhLTExZTYtOGY4OC0zNDM2M2JjN2M0YzAiOnsiY3JlYXRlIjo2MDAwMDAwMDAwMDAsImRlbGV0ZSI6OTAwMDAwMDAwMDAwfSwic2NoZW1hX3ZlcnNpb24iOiIxIn0=",
          "dependencies": [
            "module.vpc.aws_vpc.this",
            "random_string.suffix"
          ],
          "create_before_destroy": true
        }
      ]
    },
    {
      "module": "module.eks",
      "mode": "managed",
      "type": "aws_security_group",
      "name": "workers",
      "provider": "provider[\"registry.terraform.io/hashicorp/aws\"]",
      "instances": [
        {
          "index_key": 0,
          "schema_version": 1,
          "attributes": {
            "arn": "arn:aws:ec2:eu-west-2:970391478493:security-group/sg-0e82e29c72a04ed67",
            "description": "Security group for all nodes in the cluster.",
            "egress": [],
            "id": "sg-0e82e29c72a04ed67",
            "ingress": [],
            "name": "questo-eks-AF7DWDoH20211119235040356000000007",
            "name_prefix": "questo-eks-AF7DWDoH",
            "owner_id": "970391478493",
            "revoke_rules_on_delete": false,
            "tags": {
              "Environment": "dev",
              "Name": "questo-eks-AF7DWDoH-eks_worker_sg",
              "kubernetes.io/cluster/questo-eks-AF7DWDoH": "owned"
            },
            "tags_all": {
              "Environment": "dev",
              "Name": "questo-eks-AF7DWDoH-eks_worker_sg",
              "kubernetes.io/cluster/questo-eks-AF7DWDoH": "owned"
            },
            "timeouts": null,
            "vpc_id": "vpc-019a202cd2479149c"
          },
          "sensitive_attributes": [],
          "private": "eyJlMmJmYjczMC1lY2FhLTExZTYtOGY4OC0zNDM2M2JjN2M0YzAiOnsiY3JlYXRlIjo2MDAwMDAwMDAwMDAsImRlbGV0ZSI6OTAwMDAwMDAwMDAwfSwic2NoZW1hX3ZlcnNpb24iOiIxIn0=",
          "dependencies": [
            "module.vpc.aws_vpc.this",
            "random_string.suffix"
          ],
          "create_before_destroy": true
        }
      ]
    },
    {
      "module": "module.eks",
      "mode": "managed",
      "type": "aws_security_group_rule",
      "name": "cluster_egress_internet",
      "provider": "provider[\"registry.terraform.io/hashicorp/aws\"]",
      "instances": [
        {
          "index_key": 0,
          "schema_version": 2,
          "attributes": {
            "cidr_blocks": [
              "0.0.0.0/0"
            ],
            "description": "Allow cluster egress access to the Internet.",
            "from_port": 0,
            "id": "sgrule-3837178494",
            "ipv6_cidr_blocks": null,
            "prefix_list_ids": null,
            "protocol": "-1",
            "security_group_id": "sg-03b16febf9acf6f27",
            "self": false,
            "source_security_group_id": null,
            "to_port": 0,
            "type": "egress"
          },
          "sensitive_attributes": [],
          "private": "eyJzY2hlbWFfdmVyc2lvbiI6IjIifQ==",
          "dependencies": [
            "module.eks.aws_security_group.cluster",
            "module.vpc.aws_vpc.this",
            "random_string.suffix"
          ],
          "create_before_destroy": true
        }
      ]
    },
    {
      "module": "module.eks",
      "mode": "managed",
      "type": "aws_security_group_rule",
      "name": "cluster_https_worker_ingress",
      "provider": "provider[\"registry.terraform.io/hashicorp/aws\"]",
      "instances": [
        {
          "index_key": 0,
          "schema_version": 2,
          "attributes": {
            "cidr_blocks": null,
            "description": "Allow pods to communicate with the EKS cluster API.",
            "from_port": 443,
            "id": "sgrule-3452278996",
            "ipv6_cidr_blocks": null,
            "prefix_list_ids": null,
            "protocol": "tcp",
            "security_group_id": "sg-03b16febf9acf6f27",
            "self": false,
            "source_security_group_id": "sg-0e82e29c72a04ed67",
            "to_port": 443,
            "type": "ingress"
          },
          "sensitive_attributes": [],
          "private": "eyJzY2hlbWFfdmVyc2lvbiI6IjIifQ==",
          "dependencies": [
            "module.eks.aws_security_group.cluster",
            "module.eks.aws_security_group.workers",
            "module.vpc.aws_vpc.this",
            "random_string.suffix"
          ],
          "create_before_destroy": true
        }
      ]
    },
    {
      "module": "module.eks",
      "mode": "managed",
      "type": "aws_security_group_rule",
      "name": "workers_egress_internet",
      "provider": "provider[\"registry.terraform.io/hashicorp/aws\"]",
      "instances": [
        {
          "index_key": 0,
          "schema_version": 2,
          "attributes": {
            "cidr_blocks": [
              "0.0.0.0/0"
            ],
            "description": "Allow nodes all egress to the Internet.",
            "from_port": 0,
            "id": "sgrule-608650373",
            "ipv6_cidr_blocks": null,
            "prefix_list_ids": null,
            "protocol": "-1",
            "security_group_id": "sg-0e82e29c72a04ed67",
            "self": false,
            "source_security_group_id": null,
            "to_port": 0,
            "type": "egress"
          },
          "sensitive_attributes": [],
          "private": "eyJzY2hlbWFfdmVyc2lvbiI6IjIifQ==",
          "dependencies": [
            "module.eks.aws_security_group.workers",
            "module.vpc.aws_vpc.this",
            "random_string.suffix"
          ],
          "create_before_destroy": true
        }
      ]
    },
    {
      "module": "module.eks",
      "mode": "managed",
      "type": "aws_security_group_rule",
      "name": "workers_ingress_cluster",
      "provider": "provider[\"registry.terraform.io/hashicorp/aws\"]",
      "instances": [
        {
          "index_key": 0,
          "schema_version": 2,
          "attributes": {
            "cidr_blocks": null,
            "description": "Allow workers pods to receive communication from the cluster control plane.",
            "from_port": 1025,
            "id": "sgrule-4242103295",
            "ipv6_cidr_blocks": null,
            "prefix_list_ids": null,
            "protocol": "tcp",
            "security_group_id": "sg-0e82e29c72a04ed67",
            "self": false,
            "source_security_group_id": "sg-03b16febf9acf6f27",
            "to_port": 65535,
            "type": "ingress"
          },
          "sensitive_attributes": [],
          "private": "eyJzY2hlbWFfdmVyc2lvbiI6IjIifQ==",
          "dependencies": [
            "module.eks.aws_security_group.cluster",
            "module.eks.aws_security_group.workers",
            "module.vpc.aws_vpc.this",
            "random_string.suffix"
          ],
          "create_before_destroy": true
        }
      ]
    },
    {
      "module": "module.eks",
      "mode": "managed",
      "type": "aws_security_group_rule",
      "name": "workers_ingress_cluster_https",
      "provider": "provider[\"registry.terraform.io/hashicorp/aws\"]",
      "instances": [
        {
          "index_key": 0,
          "schema_version": 2,
          "attributes": {
            "cidr_blocks": null,
            "description": "Allow pods running extension API servers on port 443 to receive communication from cluster control plane.",
            "from_port": 443,
            "id": "sgrule-549919653",
            "ipv6_cidr_blocks": null,
            "prefix_list_ids": null,
            "protocol": "tcp",
            "security_group_id": "sg-0e82e29c72a04ed67",
            "self": false,
            "source_security_group_id": "sg-03b16febf9acf6f27",
            "to_port": 443,
            "type": "ingress"
          },
          "sensitive_attributes": [],
          "private": "eyJzY2hlbWFfdmVyc2lvbiI6IjIifQ==",
          "dependencies": [
            "module.eks.aws_security_group.cluster",
            "module.eks.aws_security_group.workers",
            "module.vpc.aws_vpc.this",
            "random_string.suffix"
          ],
          "create_before_destroy": true
        }
      ]
    },
    {
      "module": "module.eks",
      "mode": "managed",
      "type": "aws_security_group_rule",
      "name": "workers_ingress_self",
      "provider": "provider[\"registry.terraform.io/hashicorp/aws\"]",
      "instances": [
        {
          "index_key": 0,
          "schema_version": 2,
          "attributes": {
            "cidr_blocks": null,
            "description": "Allow node to communicate with each other.",
            "from_port": 0,
            "id": "sgrule-914320085",
            "ipv6_cidr_blocks": null,
            "prefix_list_ids": null,
            "protocol": "-1",
            "security_group_id": "sg-0e82e29c72a04ed67",
            "self": false,
            "source_security_group_id": "sg-0e82e29c72a04ed67",
            "to_port": 65535,
            "type": "ingress"
          },
          "sensitive_attributes": [],
          "private": "eyJzY2hlbWFfdmVyc2lvbiI6IjIifQ==",
          "dependencies": [
            "module.eks.aws_security_group.workers",
            "module.vpc.aws_vpc.this",
            "random_string.suffix"
          ],
          "create_before_destroy": true
        }
      ]
    },
    {
      "module": "module.eks",
      "mode": "managed",
      "type": "kubernetes_config_map",
      "name": "aws_auth",
      "provider": "provider[\"registry.terraform.io/hashicorp/kubernetes\"]",
      "instances": [
        {
          "index_key": 0,
          "schema_version": 0,
          "attributes": {
            "binary_data": null,
            "data": {
              "mapAccounts": "[]\n",
              "mapRoles": "- \"groups\":\n  - \"system:bootstrappers\"\n  - \"system:nodes\"\n  \"rolearn\": \"arn:aws:iam::970391478493:role/questo-eks-AF7DWDoH2021112000001298240000000c\"\n  \"username\": \"system:node:{{EC2PrivateDNSName}}\"\n",
              "mapUsers": "[]\n"
            },
            "id": "kube-system/aws-auth",
            "metadata": [
              {
                "annotations": null,
                "generate_name": "",
                "generation": 0,
                "labels": {
                  "app.kubernetes.io/managed-by": "Terraform",
                  "terraform.io/module": "terraform-aws-modules.eks.aws"
                },
                "name": "aws-auth",
                "namespace": "kube-system",
                "resource_version": "674",
                "uid": "294997cd-51f8-48dc-8eda-606f480fcf27"
              }
            ]
          },
          "sensitive_attributes": [],
          "private": "bnVsbA==",
          "dependencies": [
            "aws_security_group.worker_group_mgmt_one",
            "aws_security_group.worker_group_mgmt_two",
            "data.aws_availability_zones.available",
            "data.aws_eks_cluster.cluster",
            "data.aws_eks_cluster_auth.cluster",
            "module.eks.aws_cloudwatch_log_group.this",
            "module.eks.aws_eks_cluster.this",
            "module.eks.aws_iam_instance_profile.workers",
            "module.eks.aws_iam_instance_profile.workers_launch_template",
            "module.eks.aws_iam_role.cluster",
            "module.eks.aws_iam_role.workers",
            "module.eks.aws_iam_role_policy_attachment.cluster_AmazonEKSClusterPolicy",
            "module.eks.aws_iam_role_policy_attachment.cluster_AmazonEKSServicePolicy",
            "module.eks.aws_iam_role_policy_attachment.cluster_AmazonEKSVPCResourceControllerPolicy",
            "module.eks.aws_security_group.cluster",
            "module.eks.aws_security_group.workers",
            "module.eks.aws_security_group_rule.cluster_egress_internet",
            "module.eks.aws_security_group_rule.cluster_https_worker_ingress",
            "module.eks.aws_security_group_rule.cluster_private_access_cidrs_source",
            "module.eks.aws_security_group_rule.cluster_private_access_sg_source",
            "module.eks.data.aws_ami.eks_worker",
            "module.eks.data.aws_ami.eks_worker_windows",
            "module.eks.data.aws_caller_identity.current",
            "module.eks.data.aws_iam_instance_profile.custom_worker_group_iam_instance_profile",
            "module.eks.data.aws_iam_instance_profile.custom_worker_group_launch_template_iam_instance_profile",
            "module.eks.data.aws_iam_policy_document.cluster_assume_role_policy",
            "module.eks.data.aws_iam_policy_document.workers_assume_role_policy",
            "module.eks.data.aws_iam_role.custom_cluster_iam_role",
            "module.eks.data.aws_partition.current",
            "module.eks.data.http.wait_for_cluster",
            "module.eks.module.fargate.aws_iam_role.eks_fargate_pod",
            "module.eks.module.fargate.data.aws_iam_role.custom_fargate_iam_role",
            "module.vpc.aws_subnet.private",
            "module.vpc.aws_vpc.this",
            "module.vpc.aws_vpc_ipv4_cidr_block_association.this",
            "random_string.suffix"
          ]
        }
      ]
    },
    {
      "module": "module.eks",
      "mode": "managed",
      "type": "local_file",
      "name": "kubeconfig",
      "provider": "provider[\"registry.terraform.io/hashicorp/local\"]",
      "instances": [
        {
          "index_key": 0,
          "schema_version": 0,
          "attributes": {
            "content": "apiVersion: v1\npreferences: {}\nkind: Config\n\nclusters:\n- cluster:\n    server: https://38AB1CF623ED161BF0394F63CBA90EDB.gr7.eu-west-2.eks.amazonaws.com\n    certificate-authority-data: LS0tLS1CRUdJTiBDRVJUSUZJQ0FURS0tLS0tCk1JSUM1ekNDQWMrZ0F3SUJBZ0lCQURBTkJna3Foa2lHOXcwQkFRc0ZBREFWTVJNd0VRWURWUVFERXdwcmRXSmwKY201bGRHVnpNQjRYRFRJeE1URXhPVEl6TlRZeE5sb1hEVE14TVRFeE56SXpOVFl4Tmxvd0ZURVRNQkVHQTFVRQpBeE1LYTNWaVpYSnVaWFJsY3pDQ0FTSXdEUVlKS29aSWh2Y05BUUVCQlFBRGdnRVBBRENDQVFvQ2dnRUJBTlk4CkF1Ymp0dWZ2eG82aHgrN0lrMlRHallBYzc0bzQ2N0duNkVrTUF1MEEreXZlelVoSDdJM29OUUd4MWpJOUdvZnYKTkw3MmU2QjhVaHRSY2pBUDAvbTJ1WnFaMFhST3Z2QzlFV3RhY3lSWXpTWlJxM0RPNFJ2bmJYT3pveVdVTXE0NgpZbC81aXZSTUhRQ05kWGxybEJUczdIMDFUN1RQREV1b1pzTUtiaHh3K2t1elc0cTEzV2p2ZzFQR1lwbklqUXBkCjlSM1R2VU0yaVdKNVBEQVVwZVFMM01lSUlCY2VNS2lrSEVQaDFZSWJvcU9OWXdISUVrNksxTk9JODNEN3RaT28KQmVlRkRsL2xSMjdyMGxodVZnMWVWeENNY0wvcnQ4dW0xNEJqdTZ5QTFJTjV0V3JpLzdlUy9TZlIwR2tjWTZWNApHVURWb3dVRG16OWxDRGtSMUdVQ0F3RUFBYU5DTUVBd0RnWURWUjBQQVFIL0JBUURBZ0trTUE4R0ExVWRFd0VCCi93UUZNQU1CQWY4d0hRWURWUjBPQkJZRUZIMFNkUUJQa0JjelJNNVJFNDJPZ0M4bkpzZ3JNQTBHQ1NxR1NJYjMKRFFFQkN3VUFBNElCQVFEVjA1ZVVhVzJ3QnJCUkkxK25rdGRhZmtBOG0zYVJidE5hRGRhYVFRUXpMbHFEN1JrUApnVjNPNTBxZnRMYTR3NWRBSElnS1htQ1ZwVGt6aC9nSVdHS2pZUGV0S0dreUlPZGdHTzJLcDczY08wZ3Z4N09KCm9SZjdYUWRpNERQV1ZGMVAwMTJzakNTRmxHdWUxZHlzdE5sY0ZVRDgrQTFKeWEzLzcwYlh1UmZHLzdWazZsSXUKZWVHRUVrbjFNNEdvVXFoRDl3YWRpdjArcC9sRTVyRHYyNURaWG9zb25LaFZkUlZQZWo5RHVXeXVpTnpYYTc2OApYRlBvYjJmMnRHYnVIVExPUmxkaU45ZmpzVVVpTCt0QkVoSUlOMGsrK053Y21XNkNoZGhvRUFDQmZpMWNoQlhkClIrZXI1c2pUZFNXRkRRQVZ6anhydVhzdkRXWTNLdktZSkRZNwotLS0tLUVORCBDRVJUSUZJQ0FURS0tLS0tCg==\n  name: eks_questo-eks-AF7DWDoH\n\ncontexts:\n- context:\n    cluster: eks_questo-eks-AF7DWDoH\n    user: eks_questo-eks-AF7DWDoH\n  name: eks_questo-eks-AF7DWDoH\n\ncurrent-context: eks_questo-eks-AF7DWDoH\n\nusers:\n- name: eks_questo-eks-AF7DWDoH\n  user:\n    exec:\n      apiVersion: client.authentication.k8s.io/v1alpha1\n      command: aws-iam-authenticator\n      args:\n        - \"token\"\n        - \"-i\"\n        - \"questo-eks-AF7DWDoH\"\n",
            "content_base64": null,
            "directory_permission": "0755",
            "file_permission": "0600",
            "filename": "./kubeconfig_questo-eks-AF7DWDoH",
            "id": "9686de81c912ca54807cb369f5efc883238b3d29",
            "sensitive_content": null,
            "source": null
          },
          "sensitive_attributes": [],
          "private": "bnVsbA==",
          "dependencies": [
            "data.aws_availability_zones.available",
            "module.eks.aws_cloudwatch_log_group.this",
            "module.eks.aws_eks_cluster.this",
            "module.eks.aws_iam_role.cluster",
            "module.eks.aws_iam_role_policy_attachment.cluster_AmazonEKSClusterPolicy",
            "module.eks.aws_iam_role_policy_attachment.cluster_AmazonEKSServicePolicy",
            "module.eks.aws_iam_role_policy_attachment.cluster_AmazonEKSVPCResourceControllerPolicy",
            "module.eks.aws_security_group.cluster",
            "module.eks.aws_security_group.workers",
            "module.eks.aws_security_group_rule.cluster_egress_internet",
            "module.eks.aws_security_group_rule.cluster_https_worker_ingress",
            "module.eks.data.aws_iam_policy_document.cluster_assume_role_policy",
            "module.eks.data.aws_iam_role.custom_cluster_iam_role",
            "module.eks.data.aws_partition.current",
            "module.vpc.aws_subnet.private",
            "module.vpc.aws_vpc.this",
            "module.vpc.aws_vpc_ipv4_cidr_block_association.this",
            "random_string.suffix"
          ]
        }
      ]
    },
    {
      "module": "module.eks.module.fargate",
      "mode": "data",
      "type": "aws_partition",
      "name": "current",
      "provider": "provider[\"registry.terraform.io/hashicorp/aws\"]",
      "instances": [
        {
          "schema_version": 0,
          "attributes": {
            "dns_suffix": "amazonaws.com",
            "id": "aws",
            "partition": "aws",
            "reverse_dns_prefix": "com.amazonaws"
          },
          "sensitive_attributes": []
        }
      ]
    },
    {
      "module": "module.vpc",
      "mode": "managed",
      "type": "aws_eip",
      "name": "nat",
      "provider": "provider[\"registry.terraform.io/hashicorp/aws\"]",
      "instances": [
        {
          "index_key": 0,
          "schema_version": 0,
          "attributes": {
            "address": null,
            "allocation_id": "eipalloc-0c6c8ece5589f5340",
            "associate_with_private_ip": null,
            "association_id": "",
            "carrier_ip": "",
            "customer_owned_ip": "",
            "customer_owned_ipv4_pool": "",
            "domain": "vpc",
            "id": "eipalloc-0c6c8ece5589f5340",
            "instance": "",
            "network_border_group": "eu-west-2",
            "network_interface": "",
            "private_dns": null,
            "private_ip": "",
            "public_dns": "ec2-18-170-137-86.eu-west-2.compute.amazonaws.com",
            "public_ip": "18.170.137.86",
            "public_ipv4_pool": "amazon",
            "tags": {
              "Name": "questo-vpc-eu-west-2a",
              "kubernetes.io/cluster/questo-eks-AF7DWDoH": "shared"
            },
            "tags_all": {
              "Name": "questo-vpc-eu-west-2a",
              "kubernetes.io/cluster/questo-eks-AF7DWDoH": "shared"
            },
            "timeouts": null,
            "vpc": true
          },
          "sensitive_attributes": [],
          "private": "eyJlMmJmYjczMC1lY2FhLTExZTYtOGY4OC0zNDM2M2JjN2M0YzAiOnsiZGVsZXRlIjoxODAwMDAwMDAwMDAsInJlYWQiOjkwMDAwMDAwMDAwMCwidXBkYXRlIjozMDAwMDAwMDAwMDB9fQ==",
          "dependencies": [
            "data.aws_availability_zones.available",
            "random_string.suffix"
          ]
        }
      ]
    },
    {
      "module": "module.vpc",
      "mode": "managed",
      "type": "aws_internet_gateway",
      "name": "this",
      "provider": "provider[\"registry.terraform.io/hashicorp/aws\"]",
      "instances": [
        {
          "index_key": 0,
          "schema_version": 0,
          "attributes": {
            "arn": "arn:aws:ec2:eu-west-2:970391478493:internet-gateway/igw-0c4759785fb69b9ba",
            "id": "igw-0c4759785fb69b9ba",
            "owner_id": "970391478493",
            "tags": {
              "Name": "questo-vpc",
              "kubernetes.io/cluster/questo-eks-AF7DWDoH": "shared"
            },
            "tags_all": {
              "Name": "questo-vpc",
              "kubernetes.io/cluster/questo-eks-AF7DWDoH": "shared"
            },
            "vpc_id": "vpc-019a202cd2479149c"
          },
          "sensitive_attributes": [],
          "private": "bnVsbA==",
          "dependencies": [
            "module.vpc.aws_vpc.this",
            "module.vpc.aws_vpc_ipv4_cidr_block_association.this",
            "random_string.suffix"
          ]
        }
      ]
    },
    {
      "module": "module.vpc",
      "mode": "managed",
      "type": "aws_nat_gateway",
      "name": "this",
      "provider": "provider[\"registry.terraform.io/hashicorp/aws\"]",
      "instances": [
        {
          "index_key": 0,
          "schema_version": 0,
          "attributes": {
            "allocation_id": "eipalloc-0c6c8ece5589f5340",
            "connectivity_type": "public",
            "id": "nat-0cf64839c654defae",
            "network_interface_id": "eni-0355a042ab03458e0",
            "private_ip": "10.0.2.120",
            "public_ip": "18.170.137.86",
            "subnet_id": "subnet-0f3585c0ee1681ffd",
            "tags": {
              "Name": "questo-vpc-eu-west-2a",
              "kubernetes.io/cluster/questo-eks-AF7DWDoH": "shared"
            },
            "tags_all": {
              "Name": "questo-vpc-eu-west-2a",
              "kubernetes.io/cluster/questo-eks-AF7DWDoH": "shared"
            }
          },
          "sensitive_attributes": [],
          "private": "bnVsbA==",
          "dependencies": [
            "data.aws_availability_zones.available",
            "module.vpc.aws_eip.nat",
            "module.vpc.aws_internet_gateway.this",
            "module.vpc.aws_subnet.public",
            "module.vpc.aws_vpc.this",
            "module.vpc.aws_vpc_ipv4_cidr_block_association.this",
            "random_string.suffix"
          ]
        }
      ]
    },
    {
      "module": "module.vpc",
      "mode": "managed",
      "type": "aws_route",
      "name": "private_nat_gateway",
      "provider": "provider[\"registry.terraform.io/hashicorp/aws\"]",
      "instances": [
        {
          "index_key": 0,
          "schema_version": 0,
          "attributes": {
            "carrier_gateway_id": "",
            "destination_cidr_block": "0.0.0.0/0",
            "destination_ipv6_cidr_block": "",
            "destination_prefix_list_id": "",
            "egress_only_gateway_id": "",
            "gateway_id": "",
            "id": "r-rtb-0d9194922d44383eb1080289494",
            "instance_id": "",
            "instance_owner_id": "",
            "local_gateway_id": "",
            "nat_gateway_id": "nat-0cf64839c654defae",
            "network_interface_id": "",
            "origin": "CreateRoute",
            "route_table_id": "rtb-0d9194922d44383eb",
            "state": "active",
            "timeouts": {
              "create": "5m",
              "delete": null,
              "update": null
            },
            "transit_gateway_id": "",
            "vpc_endpoint_id": "",
            "vpc_peering_connection_id": ""
          },
          "sensitive_attributes": [],
          "private": "eyJlMmJmYjczMC1lY2FhLTExZTYtOGY4OC0zNDM2M2JjN2M0YzAiOnsiY3JlYXRlIjozMDAwMDAwMDAwMDAsImRlbGV0ZSI6MzAwMDAwMDAwMDAwLCJ1cGRhdGUiOjEyMDAwMDAwMDAwMH19",
          "dependencies": [
            "data.aws_availability_zones.available",
            "module.vpc.aws_eip.nat",
            "module.vpc.aws_internet_gateway.this",
            "module.vpc.aws_nat_gateway.this",
            "module.vpc.aws_route_table.private",
            "module.vpc.aws_subnet.public",
            "module.vpc.aws_vpc.this",
            "module.vpc.aws_vpc_ipv4_cidr_block_association.this",
            "random_string.suffix"
          ]
        }
      ]
    },
    {
      "module": "module.vpc",
      "mode": "managed",
      "type": "aws_route",
      "name": "public_internet_gateway",
      "provider": "provider[\"registry.terraform.io/hashicorp/aws\"]",
      "instances": [
        {
          "index_key": 0,
          "schema_version": 0,
          "attributes": {
            "carrier_gateway_id": "",
            "destination_cidr_block": "0.0.0.0/0",
            "destination_ipv6_cidr_block": "",
            "destination_prefix_list_id": "",
            "egress_only_gateway_id": "",
            "gateway_id": "igw-0c4759785fb69b9ba",
            "id": "r-rtb-055e3ade50995cd0c1080289494",
            "instance_id": "",
            "instance_owner_id": "",
            "local_gateway_id": "",
            "nat_gateway_id": "",
            "network_interface_id": "",
            "origin": "CreateRoute",
            "route_table_id": "rtb-055e3ade50995cd0c",
            "state": "active",
            "timeouts": {
              "create": "5m",
              "delete": null,
              "update": null
            },
            "transit_gateway_id": "",
            "vpc_endpoint_id": "",
            "vpc_peering_connection_id": ""
          },
          "sensitive_attributes": [],
          "private": "eyJlMmJmYjczMC1lY2FhLTExZTYtOGY4OC0zNDM2M2JjN2M0YzAiOnsiY3JlYXRlIjozMDAwMDAwMDAwMDAsImRlbGV0ZSI6MzAwMDAwMDAwMDAwLCJ1cGRhdGUiOjEyMDAwMDAwMDAwMH19",
          "dependencies": [
            "module.vpc.aws_internet_gateway.this",
            "module.vpc.aws_route_table.public",
            "module.vpc.aws_vpc.this",
            "module.vpc.aws_vpc_ipv4_cidr_block_association.this",
            "random_string.suffix"
          ]
        }
      ]
    },
    {
      "module": "module.vpc",
      "mode": "managed",
      "type": "aws_route_table",
      "name": "private",
      "provider": "provider[\"registry.terraform.io/hashicorp/aws\"]",
      "instances": [
        {
          "index_key": 0,
          "schema_version": 0,
          "attributes": {
            "arn": "arn:aws:ec2:eu-west-2:970391478493:route-table/rtb-0d9194922d44383eb",
            "id": "rtb-0d9194922d44383eb",
            "owner_id": "970391478493",
            "propagating_vgws": [],
            "route": [],
            "tags": {
              "Name": "questo-vpc-private",
              "kubernetes.io/cluster/questo-eks-AF7DWDoH": "shared"
            },
            "tags_all": {
              "Name": "questo-vpc-private",
              "kubernetes.io/cluster/questo-eks-AF7DWDoH": "shared"
            },
            "timeouts": null,
            "vpc_id": "vpc-019a202cd2479149c"
          },
          "sensitive_attributes": [],
          "private": "eyJlMmJmYjczMC1lY2FhLTExZTYtOGY4OC0zNDM2M2JjN2M0YzAiOnsiY3JlYXRlIjoxMjAwMDAwMDAwMDAsImRlbGV0ZSI6MzAwMDAwMDAwMDAwLCJ1cGRhdGUiOjEyMDAwMDAwMDAwMH19",
          "dependencies": [
            "data.aws_availability_zones.available",
            "module.vpc.aws_vpc.this",
            "module.vpc.aws_vpc_ipv4_cidr_block_association.this",
            "random_string.suffix"
          ]
        }
      ]
    },
    {
      "module": "module.vpc",
      "mode": "managed",
      "type": "aws_route_table",
      "name": "public",
      "provider": "provider[\"registry.terraform.io/hashicorp/aws\"]",
      "instances": [
        {
          "index_key": 0,
          "schema_version": 0,
          "attributes": {
            "arn": "arn:aws:ec2:eu-west-2:970391478493:route-table/rtb-055e3ade50995cd0c",
            "id": "rtb-055e3ade50995cd0c",
            "owner_id": "970391478493",
            "propagating_vgws": [],
            "route": [],
            "tags": {
              "Name": "questo-vpc-public",
              "kubernetes.io/cluster/questo-eks-AF7DWDoH": "shared"
            },
            "tags_all": {
              "Name": "questo-vpc-public",
              "kubernetes.io/cluster/questo-eks-AF7DWDoH": "shared"
            },
            "timeouts": null,
            "vpc_id": "vpc-019a202cd2479149c"
          },
          "sensitive_attributes": [],
          "private": "eyJlMmJmYjczMC1lY2FhLTExZTYtOGY4OC0zNDM2M2JjN2M0YzAiOnsiY3JlYXRlIjoxMjAwMDAwMDAwMDAsImRlbGV0ZSI6MzAwMDAwMDAwMDAwLCJ1cGRhdGUiOjEyMDAwMDAwMDAwMH19",
          "dependencies": [
            "module.vpc.aws_vpc.this",
            "module.vpc.aws_vpc_ipv4_cidr_block_association.this",
            "random_string.suffix"
          ]
        }
      ]
    },
    {
      "module": "module.vpc",
      "mode": "managed",
      "type": "aws_route_table_association",
      "name": "private",
      "provider": "provider[\"registry.terraform.io/hashicorp/aws\"]",
      "instances": [
        {
          "index_key": 0,
          "schema_version": 0,
          "attributes": {
            "gateway_id": "",
            "id": "rtbassoc-07f0f8bf6735209ce",
            "route_table_id": "rtb-0d9194922d44383eb",
            "subnet_id": "subnet-0653092fb4b5f5373"
          },
          "sensitive_attributes": [],
          "private": "bnVsbA==",
          "dependencies": [
            "data.aws_availability_zones.available",
            "module.vpc.aws_route_table.private",
            "module.vpc.aws_subnet.private",
            "module.vpc.aws_vpc.this",
            "module.vpc.aws_vpc_ipv4_cidr_block_association.this",
            "random_string.suffix"
          ]
        },
        {
          "index_key": 1,
          "schema_version": 0,
          "attributes": {
            "gateway_id": "",
            "id": "rtbassoc-0e655b9fe99eb0f46",
            "route_table_id": "rtb-0d9194922d44383eb",
            "subnet_id": "subnet-0aa5b6b08e84aaad6"
          },
          "sensitive_attributes": [],
          "private": "bnVsbA==",
          "dependencies": [
            "data.aws_availability_zones.available",
            "module.vpc.aws_route_table.private",
            "module.vpc.aws_subnet.private",
            "module.vpc.aws_vpc.this",
            "module.vpc.aws_vpc_ipv4_cidr_block_association.this",
            "random_string.suffix"
          ]
        },
        {
          "index_key": 2,
          "schema_version": 0,
          "attributes": {
            "gateway_id": "",
            "id": "rtbassoc-002847707dd2c22fd",
            "route_table_id": "rtb-0d9194922d44383eb",
            "subnet_id": "subnet-052546a418e672832"
          },
          "sensitive_attributes": [],
          "private": "bnVsbA==",
          "dependencies": [
            "data.aws_availability_zones.available",
            "module.vpc.aws_route_table.private",
            "module.vpc.aws_subnet.private",
            "module.vpc.aws_vpc.this",
            "module.vpc.aws_vpc_ipv4_cidr_block_association.this",
            "random_string.suffix"
          ]
        }
      ]
    },
    {
      "module": "module.vpc",
      "mode": "managed",
      "type": "aws_route_table_association",
      "name": "public",
      "provider": "provider[\"registry.terraform.io/hashicorp/aws\"]",
      "instances": [
        {
          "index_key": 0,
          "schema_version": 0,
          "attributes": {
            "gateway_id": "",
            "id": "rtbassoc-03cd842c5d1e085a6",
            "route_table_id": "rtb-055e3ade50995cd0c",
            "subnet_id": "subnet-0f3585c0ee1681ffd"
          },
          "sensitive_attributes": [],
          "private": "bnVsbA==",
          "dependencies": [
            "data.aws_availability_zones.available",
            "module.vpc.aws_route_table.public",
            "module.vpc.aws_subnet.public",
            "module.vpc.aws_vpc.this",
            "module.vpc.aws_vpc_ipv4_cidr_block_association.this",
            "random_string.suffix"
          ]
        },
        {
          "index_key": 1,
          "schema_version": 0,
          "attributes": {
            "gateway_id": "",
            "id": "rtbassoc-014aa61a4025db154",
            "route_table_id": "rtb-055e3ade50995cd0c",
            "subnet_id": "subnet-0ce6511c9a02df7a6"
          },
          "sensitive_attributes": [],
          "private": "bnVsbA==",
          "dependencies": [
            "data.aws_availability_zones.available",
            "module.vpc.aws_route_table.public",
            "module.vpc.aws_subnet.public",
            "module.vpc.aws_vpc.this",
            "module.vpc.aws_vpc_ipv4_cidr_block_association.this",
            "random_string.suffix"
          ]
        },
        {
          "index_key": 2,
          "schema_version": 0,
          "attributes": {
            "gateway_id": "",
            "id": "rtbassoc-04b43fb369a7e186b",
            "route_table_id": "rtb-055e3ade50995cd0c",
            "subnet_id": "subnet-04a6ab028a6434025"
          },
          "sensitive_attributes": [],
          "private": "bnVsbA==",
          "dependencies": [
            "data.aws_availability_zones.available",
            "module.vpc.aws_route_table.public",
            "module.vpc.aws_subnet.public",
            "module.vpc.aws_vpc.this",
            "module.vpc.aws_vpc_ipv4_cidr_block_association.this",
            "random_string.suffix"
          ]
        }
      ]
    },
    {
      "module": "module.vpc",
      "mode": "managed",
      "type": "aws_subnet",
      "name": "private",
      "provider": "provider[\"registry.terraform.io/hashicorp/aws\"]",
      "instances": [
        {
          "index_key": 0,
          "schema_version": 1,
          "attributes": {
            "arn": "arn:aws:ec2:eu-west-2:970391478493:subnet/subnet-0653092fb4b5f5373",
            "assign_ipv6_address_on_creation": false,
            "availability_zone": "eu-west-2a",
            "availability_zone_id": "euw2-az2",
            "cidr_block": "10.0.1.0/24",
            "customer_owned_ipv4_pool": "",
            "id": "subnet-0653092fb4b5f5373",
            "ipv6_cidr_block": "",
            "ipv6_cidr_block_association_id": "",
            "map_customer_owned_ip_on_launch": false,
            "map_public_ip_on_launch": false,
            "outpost_arn": "",
            "owner_id": "970391478493",
            "tags": {
              "Name": "questo-vpc-private-eu-west-2a",
              "kubernetes.io/cluster/questo-eks-AF7DWDoH": "shared",
              "kubernetes.io/role/internal-elb": "1",
              "kuernetes.io/cluster/questo-eks-AF7DWDoH": "shared"
            },
            "tags_all": {
              "Name": "questo-vpc-private-eu-west-2a",
              "kubernetes.io/cluster/questo-eks-AF7DWDoH": "shared",
              "kubernetes.io/role/internal-elb": "1",
              "kuernetes.io/cluster/questo-eks-AF7DWDoH": "shared"
            },
            "timeouts": null,
            "vpc_id": "vpc-019a202cd2479149c"
          },
          "sensitive_attributes": [],
          "private": "eyJlMmJmYjczMC1lY2FhLTExZTYtOGY4OC0zNDM2M2JjN2M0YzAiOnsiY3JlYXRlIjo2MDAwMDAwMDAwMDAsImRlbGV0ZSI6MTIwMDAwMDAwMDAwMH0sInNjaGVtYV92ZXJzaW9uIjoiMSJ9",
          "dependencies": [
            "data.aws_availability_zones.available",
            "module.vpc.aws_vpc.this",
            "module.vpc.aws_vpc_ipv4_cidr_block_association.this",
            "random_string.suffix"
          ],
          "create_before_destroy": true
        },
        {
          "index_key": 1,
          "schema_version": 1,
          "attributes": {
            "arn": "arn:aws:ec2:eu-west-2:970391478493:subnet/subnet-0aa5b6b08e84aaad6",
            "assign_ipv6_address_on_creation": false,
            "availability_zone": "eu-west-2b",
            "availability_zone_id": "euw2-az3",
            "cidr_block": "10.0.3.0/24",
            "customer_owned_ipv4_pool": "",
            "id": "subnet-0aa5b6b08e84aaad6",
            "ipv6_cidr_block": "",
            "ipv6_cidr_block_association_id": "",
            "map_customer_owned_ip_on_launch": false,
            "map_public_ip_on_launch": false,
            "outpost_arn": "",
            "owner_id": "970391478493",
            "tags": {
              "Name": "questo-vpc-private-eu-west-2b",
              "kubernetes.io/cluster/questo-eks-AF7DWDoH": "shared",
              "kubernetes.io/role/internal-elb": "1",
              "kuernetes.io/cluster/questo-eks-AF7DWDoH": "shared"
            },
            "tags_all": {
              "Name": "questo-vpc-private-eu-west-2b",
              "kubernetes.io/cluster/questo-eks-AF7DWDoH": "shared",
              "kubernetes.io/role/internal-elb": "1",
              "kuernetes.io/cluster/questo-eks-AF7DWDoH": "shared"
            },
            "timeouts": null,
            "vpc_id": "vpc-019a202cd2479149c"
          },
          "sensitive_attributes": [],
          "private": "eyJlMmJmYjczMC1lY2FhLTExZTYtOGY4OC0zNDM2M2JjN2M0YzAiOnsiY3JlYXRlIjo2MDAwMDAwMDAwMDAsImRlbGV0ZSI6MTIwMDAwMDAwMDAwMH0sInNjaGVtYV92ZXJzaW9uIjoiMSJ9",
          "dependencies": [
            "data.aws_availability_zones.available",
            "module.vpc.aws_vpc.this",
            "module.vpc.aws_vpc_ipv4_cidr_block_association.this",
            "random_string.suffix"
          ],
          "create_before_destroy": true
        },
        {
          "index_key": 2,
          "schema_version": 1,
          "attributes": {
            "arn": "arn:aws:ec2:eu-west-2:970391478493:subnet/subnet-052546a418e672832",
            "assign_ipv6_address_on_creation": false,
            "availability_zone": "eu-west-2c",
            "availability_zone_id": "euw2-az1",
            "cidr_block": "10.0.5.0/24",
            "customer_owned_ipv4_pool": "",
            "id": "subnet-052546a418e672832",
            "ipv6_cidr_block": "",
            "ipv6_cidr_block_association_id": "",
            "map_customer_owned_ip_on_launch": false,
            "map_public_ip_on_launch": false,
            "outpost_arn": "",
            "owner_id": "970391478493",
            "tags": {
              "Name": "questo-vpc-private-eu-west-2c",
              "kubernetes.io/cluster/questo-eks-AF7DWDoH": "shared",
              "kubernetes.io/role/internal-elb": "1",
              "kuernetes.io/cluster/questo-eks-AF7DWDoH": "shared"
            },
            "tags_all": {
              "Name": "questo-vpc-private-eu-west-2c",
              "kubernetes.io/cluster/questo-eks-AF7DWDoH": "shared",
              "kubernetes.io/role/internal-elb": "1",
              "kuernetes.io/cluster/questo-eks-AF7DWDoH": "shared"
            },
            "timeouts": null,
            "vpc_id": "vpc-019a202cd2479149c"
          },
          "sensitive_attributes": [],
          "private": "eyJlMmJmYjczMC1lY2FhLTExZTYtOGY4OC0zNDM2M2JjN2M0YzAiOnsiY3JlYXRlIjo2MDAwMDAwMDAwMDAsImRlbGV0ZSI6MTIwMDAwMDAwMDAwMH0sInNjaGVtYV92ZXJzaW9uIjoiMSJ9",
          "dependencies": [
            "data.aws_availability_zones.available",
            "module.vpc.aws_vpc.this",
            "module.vpc.aws_vpc_ipv4_cidr_block_association.this",
            "random_string.suffix"
          ],
          "create_before_destroy": true
        }
      ]
    },
    {
      "module": "module.vpc",
      "mode": "managed",
      "type": "aws_subnet",
      "name": "public",
      "provider": "provider[\"registry.terraform.io/hashicorp/aws\"]",
      "instances": [
        {
          "index_key": 0,
          "schema_version": 1,
          "attributes": {
            "arn": "arn:aws:ec2:eu-west-2:970391478493:subnet/subnet-0f3585c0ee1681ffd",
            "assign_ipv6_address_on_creation": false,
            "availability_zone": "eu-west-2a",
            "availability_zone_id": "euw2-az2",
            "cidr_block": "10.0.2.0/24",
            "customer_owned_ipv4_pool": "",
            "id": "subnet-0f3585c0ee1681ffd",
            "ipv6_cidr_block": "",
            "ipv6_cidr_block_association_id": "",
            "map_customer_owned_ip_on_launch": false,
            "map_public_ip_on_launch": true,
            "outpost_arn": "",
            "owner_id": "970391478493",
            "tags": {
              "Name": "questo-vpc-public-eu-west-2a",
              "kubernetes.io/cluster/questo-eks-AF7DWDoH": "shared",
              "kubernetes.io/role/elb": "1",
              "kuernetes.io/cluster/questo-eks-AF7DWDoH": "shared"
            },
            "tags_all": {
              "Name": "questo-vpc-public-eu-west-2a",
              "kubernetes.io/cluster/questo-eks-AF7DWDoH": "shared",
              "kubernetes.io/role/elb": "1",
              "kuernetes.io/cluster/questo-eks-AF7DWDoH": "shared"
            },
            "timeouts": null,
            "vpc_id": "vpc-019a202cd2479149c"
          },
          "sensitive_attributes": [],
          "private": "eyJlMmJmYjczMC1lY2FhLTExZTYtOGY4OC0zNDM2M2JjN2M0YzAiOnsiY3JlYXRlIjo2MDAwMDAwMDAwMDAsImRlbGV0ZSI6MTIwMDAwMDAwMDAwMH0sInNjaGVtYV92ZXJzaW9uIjoiMSJ9",
          "dependencies": [
            "data.aws_availability_zones.available",
            "module.vpc.aws_vpc.this",
            "module.vpc.aws_vpc_ipv4_cidr_block_association.this",
            "random_string.suffix"
          ]
        },
        {
          "index_key": 1,
          "schema_version": 1,
          "attributes": {
            "arn": "arn:aws:ec2:eu-west-2:970391478493:subnet/subnet-0ce6511c9a02df7a6",
            "assign_ipv6_address_on_creation": false,
            "availability_zone": "eu-west-2b",
            "availability_zone_id": "euw2-az3",
            "cidr_block": "10.0.4.0/24",
            "customer_owned_ipv4_pool": "",
            "id": "subnet-0ce6511c9a02df7a6",
            "ipv6_cidr_block": "",
            "ipv6_cidr_block_association_id": "",
            "map_customer_owned_ip_on_launch": false,
            "map_public_ip_on_launch": true,
            "outpost_arn": "",
            "owner_id": "970391478493",
            "tags": {
              "Name": "questo-vpc-public-eu-west-2b",
              "kubernetes.io/cluster/questo-eks-AF7DWDoH": "shared",
              "kubernetes.io/role/elb": "1",
              "kuernetes.io/cluster/questo-eks-AF7DWDoH": "shared"
            },
            "tags_all": {
              "Name": "questo-vpc-public-eu-west-2b",
              "kubernetes.io/cluster/questo-eks-AF7DWDoH": "shared",
              "kubernetes.io/role/elb": "1",
              "kuernetes.io/cluster/questo-eks-AF7DWDoH": "shared"
            },
            "timeouts": null,
            "vpc_id": "vpc-019a202cd2479149c"
          },
          "sensitive_attributes": [],
          "private": "eyJlMmJmYjczMC1lY2FhLTExZTYtOGY4OC0zNDM2M2JjN2M0YzAiOnsiY3JlYXRlIjo2MDAwMDAwMDAwMDAsImRlbGV0ZSI6MTIwMDAwMDAwMDAwMH0sInNjaGVtYV92ZXJzaW9uIjoiMSJ9",
          "dependencies": [
            "data.aws_availability_zones.available",
            "module.vpc.aws_vpc.this",
            "module.vpc.aws_vpc_ipv4_cidr_block_association.this",
            "random_string.suffix"
          ]
        },
        {
          "index_key": 2,
          "schema_version": 1,
          "attributes": {
            "arn": "arn:aws:ec2:eu-west-2:970391478493:subnet/subnet-04a6ab028a6434025",
            "assign_ipv6_address_on_creation": false,
            "availability_zone": "eu-west-2c",
            "availability_zone_id": "euw2-az1",
            "cidr_block": "10.0.6.0/24",
            "customer_owned_ipv4_pool": "",
            "id": "subnet-04a6ab028a6434025",
            "ipv6_cidr_block": "",
            "ipv6_cidr_block_association_id": "",
            "map_customer_owned_ip_on_launch": false,
            "map_public_ip_on_launch": true,
            "outpost_arn": "",
            "owner_id": "970391478493",
            "tags": {
              "Name": "questo-vpc-public-eu-west-2c",
              "kubernetes.io/cluster/questo-eks-AF7DWDoH": "shared",
              "kubernetes.io/role/elb": "1",
              "kuernetes.io/cluster/questo-eks-AF7DWDoH": "shared"
            },
            "tags_all": {
              "Name": "questo-vpc-public-eu-west-2c",
              "kubernetes.io/cluster/questo-eks-AF7DWDoH": "shared",
              "kubernetes.io/role/elb": "1",
              "kuernetes.io/cluster/questo-eks-AF7DWDoH": "shared"
            },
            "timeouts": null,
            "vpc_id": "vpc-019a202cd2479149c"
          },
          "sensitive_attributes": [],
          "private": "eyJlMmJmYjczMC1lY2FhLTExZTYtOGY4OC0zNDM2M2JjN2M0YzAiOnsiY3JlYXRlIjo2MDAwMDAwMDAwMDAsImRlbGV0ZSI6MTIwMDAwMDAwMDAwMH0sInNjaGVtYV92ZXJzaW9uIjoiMSJ9",
          "dependencies": [
            "data.aws_availability_zones.available",
            "module.vpc.aws_vpc.this",
            "module.vpc.aws_vpc_ipv4_cidr_block_association.this",
            "random_string.suffix"
          ]
        }
      ]
    },
    {
      "module": "module.vpc",
      "mode": "managed",
      "type": "aws_vpc",
      "name": "this",
      "provider": "provider[\"registry.terraform.io/hashicorp/aws\"]",
      "instances": [
        {
          "index_key": 0,
          "schema_version": 1,
          "attributes": {
            "arn": "arn:aws:ec2:eu-west-2:970391478493:vpc/vpc-019a202cd2479149c",
            "assign_generated_ipv6_cidr_block": false,
            "cidr_block": "10.0.0.0/16",
            "default_network_acl_id": "acl-0bbe3e7a4f6f404a8",
            "default_route_table_id": "rtb-074e14016329affc2",
            "default_security_group_id": "sg-057c5b357b748d73e",
            "dhcp_options_id": "dopt-6cd21104",
            "enable_classiclink": null,
            "enable_classiclink_dns_support": null,
            "enable_dns_hostnames": false,
            "enable_dns_support": true,
            "id": "vpc-019a202cd2479149c",
            "instance_tenancy": "default",
            "ipv6_association_id": "",
            "ipv6_cidr_block": "",
            "main_route_table_id": "rtb-074e14016329affc2",
            "owner_id": "970391478493",
            "tags": {
              "Name": "questo-vpc",
              "kubernetes.io/cluster/questo-eks-AF7DWDoH": "shared"
            },
            "tags_all": {
              "Name": "questo-vpc",
              "kubernetes.io/cluster/questo-eks-AF7DWDoH": "shared"
            }
          },
          "sensitive_attributes": [],
          "private": "eyJzY2hlbWFfdmVyc2lvbiI6IjEifQ==",
          "dependencies": [
            "random_string.suffix"
          ],
          "create_before_destroy": true
        }
      ]
    }
  ]
}
